// !$*UTF8*$!
{
	archiveVersion = 1;
	classes = {
	};
	objectVersion = 70;
	objects = {

/* Begin PBXBuildFile section */
		1A010EAC2CD8A7E500FBE3B3 /* APIBooksModel.swift in Sources */ = {isa = PBXBuildFile; fileRef = 1A010EAB2CD8A7E500FBE3B3 /* APIBooksModel.swift */; };
		1A010EAE2CD8A86E00FBE3B3 /* APIStore.swift in Sources */ = {isa = PBXBuildFile; fileRef = 1A010EAD2CD8A86E00FBE3B3 /* APIStore.swift */; };
		1A010EB62CD8AF9800FBE3B3 /* BookSearchViewModel.swift in Sources */ = {isa = PBXBuildFile; fileRef = 1A010EB52CD8AF9800FBE3B3 /* BookSearchViewModel.swift */; };
		1A010EBE2CD8DA2400FBE3B3 /* BookListView.swift in Sources */ = {isa = PBXBuildFile; fileRef = 1A010EBD2CD8DA2400FBE3B3 /* BookListView.swift */; };
		1A010EC02CD8DA3800FBE3B3 /* BookLowView.swift in Sources */ = {isa = PBXBuildFile; fileRef = 1A010EBF2CD8DA3800FBE3B3 /* BookLowView.swift */; };
		1A010EC22CD8DA4300FBE3B3 /* BookPageSettingView.swift in Sources */ = {isa = PBXBuildFile; fileRef = 1A010EC12CD8DA4300FBE3B3 /* BookPageSettingView.swift */; };
		1A27D9602CDA31EE00D1E14D /* ProgressBar.swift in Sources */ = {isa = PBXBuildFile; fileRef = 1A27D95F2CDA31EE00D1E14D /* ProgressBar.swift */; };
		1A27D9622CDB05C000D1E14D /* CustomTextFieldStylePageCount.swift in Sources */ = {isa = PBXBuildFile; fileRef = 1A27D9612CDB05C000D1E14D /* CustomTextFieldStylePageCount.swift */; };
		1A27D9662CDB779000D1E14D /* TotalCalendarView.swift in Sources */ = {isa = PBXBuildFile; fileRef = 1A27D9652CDB779000D1E14D /* TotalCalendarView.swift */; };
		1A54142B2CD9FEF400283FBD /* BookSearchView.swift in Sources */ = {isa = PBXBuildFile; fileRef = 1A54142A2CD9FEF400283FBD /* BookSearchView.swift */; };
		1A9E3D502CF85C5700C7B27A /* GoogleService-Info.plist in Resources */ = {isa = PBXBuildFile; fileRef = 26EBDEA42CF1C21E00B3A2BC /* GoogleService-Info.plist */; };
		1A9E3D542CF88BA400C7B27A /* Text+Extension.swift in Sources */ = {isa = PBXBuildFile; fileRef = 1A9E3D532CF88BA400C7B27A /* Text+Extension.swift */; };
		1AA14A782CDDA30D00B763A6 /* TotalCalendarTextBubble.swift in Sources */ = {isa = PBXBuildFile; fileRef = 1AA14A772CDDA30D00B763A6 /* TotalCalendarTextBubble.swift */; };
		1AA14A7A2CDDD96200B763A6 /* NotificationManager.swift in Sources */ = {isa = PBXBuildFile; fileRef = 1AA14A792CDDD96200B763A6 /* NotificationManager.swift */; };
		240445B42CED9074005C3623 /* ToastViewModel.swift in Sources */ = {isa = PBXBuildFile; fileRef = 240445B32CED9074005C3623 /* ToastViewModel.swift */; };
		24360D4A2CD8BE3C00E83D2B /* FinishGoalView.swift in Sources */ = {isa = PBXBuildFile; fileRef = 24360D492CD8BE3C00E83D2B /* FinishGoalView.swift */; };
		24360D532CD9F3AF00E83D2B /* DailyProgressView.swift in Sources */ = {isa = PBXBuildFile; fileRef = 24360D522CD9F3AF00E83D2B /* DailyProgressView.swift */; };
		24F8A2172CEB290B00A01A76 /* Config.xcconfig in Resources */ = {isa = PBXBuildFile; fileRef = 24F8A2162CEB290B00A01A76 /* Config.xcconfig */; };
		24FAF9452CEC5224004FEC3F /* ToastView.swift in Sources */ = {isa = PBXBuildFile; fileRef = 24FAF9442CEC5224004FEC3F /* ToastView.swift */; };
		261714D62CDDDA4000A3241D /* BookSettingsManagerView.swift in Sources */ = {isa = PBXBuildFile; fileRef = 261714D52CDDDA4000A3241D /* BookSettingsManagerView.swift */; };
		2622C7D82D2AC4C000AA3FF4 /* DividerLine.swift in Sources */ = {isa = PBXBuildFile; fileRef = 2622C7D72D2AC4C000AA3FF4 /* DividerLine.swift */; };
		2622C7DA2D2AC56400AA3FF4 /* CalendarWeekdayHeader.swift in Sources */ = {isa = PBXBuildFile; fileRef = 2622C7D92D2AC56400AA3FF4 /* CalendarWeekdayHeader.swift */; };
		2622C7DC2D2AC67800AA3FF4 /* PageTextModifier.swift in Sources */ = {isa = PBXBuildFile; fileRef = 2622C7DB2D2AC67800AA3FF4 /* PageTextModifier.swift */; };
		2622C8012D2D8EDA00AA3FF4 /* UserBookDTO.swift in Sources */ = {isa = PBXBuildFile; fileRef = 2622C8002D2D8EDA00AA3FF4 /* UserBookDTO.swift */; };
		2622C8042D2D911200AA3FF4 /* BookRepository.swift in Sources */ = {isa = PBXBuildFile; fileRef = 2622C8022D2D911200AA3FF4 /* BookRepository.swift */; };
		26410A982D26D18200D6B477 /* ReadingDatePickerView.swift in Sources */ = {isa = PBXBuildFile; fileRef = 26410A972D26D18200D6B477 /* ReadingDatePickerView.swift */; };
		26410A9B2D26D8F000D6B477 /* CalendarCalculator.swift in Sources */ = {isa = PBXBuildFile; fileRef = 26410A9A2D26D8F000D6B477 /* CalendarCalculator.swift */; };
		26410AED2D28599700D6B477 /* CalendarGridView.swift in Sources */ = {isa = PBXBuildFile; fileRef = 26410AEC2D28599700D6B477 /* CalendarGridView.swift */; };
		26410AF52D292ED100D6B477 /* CalendarCellModel.swift in Sources */ = {isa = PBXBuildFile; fileRef = 26410AF42D292ED100D6B477 /* CalendarCellModel.swift */; };
		26410AF72D2964E100D6B477 /* ReadingDateSettingView.swift in Sources */ = {isa = PBXBuildFile; fileRef = 26410AF62D2964E100D6B477 /* ReadingDateSettingView.swift */; };
		26410AFB2D29845200D6B477 /* ReadingDateEditView.swift in Sources */ = {isa = PBXBuildFile; fileRef = 26410AFA2D29845200D6B477 /* ReadingDateEditView.swift */; };
		2644404E2CD8A39E0031A290 /* CompletionCelebrationView.swift in Sources */ = {isa = PBXBuildFile; fileRef = 2644404D2CD8A39E0031A290 /* CompletionCelebrationView.swift */; };
		264440502CD8A3AC0031A290 /* CompletionReviewView.swift in Sources */ = {isa = PBXBuildFile; fileRef = 2644404F2CD8A3AC0031A290 /* CompletionReviewView.swift */; };
		264440532CD8B1540031A290 /* String+Extension.swift in Sources */ = {isa = PBXBuildFile; fileRef = 264440522CD8B1540031A290 /* String+Extension.swift */; };
		264440552CD8E0100031A290 /* KeyboardObserver.swift in Sources */ = {isa = PBXBuildFile; fileRef = 264440542CD8E0100031A290 /* KeyboardObserver.swift */; };
		264440572CD8E0D20031A290 /* CustomTextEditorStyle.swift in Sources */ = {isa = PBXBuildFile; fileRef = 264440562CD8E0D20031A290 /* CustomTextEditorStyle.swift */; };
		264440592CD8F6020031A290 /* CustomBackButton.swift in Sources */ = {isa = PBXBuildFile; fileRef = 264440582CD8F6020031A290 /* CustomBackButton.swift */; };
		2644405B2CD8F9380031A290 /* UINavigationController+Extension.swift in Sources */ = {isa = PBXBuildFile; fileRef = 2644405A2CD8F9380031A290 /* UINavigationController+Extension.swift */; };
		264443EA2CF861E5009422BA /* SystemSettingsManager.swift in Sources */ = {isa = PBXBuildFile; fileRef = 264443E92CF861E5009422BA /* SystemSettingsManager.swift */; };
		264443ED2CF870B0009422BA /* UserDefaultsManager.swift in Sources */ = {isa = PBXBuildFile; fileRef = 264443EC2CF870B0009422BA /* UserDefaultsManager.swift */; };
		2655532F2CF6D73900288037 /* NotiSettingView.swift in Sources */ = {isa = PBXBuildFile; fileRef = 2655532E2CF6D73900288037 /* NotiSettingView.swift */; };
		26890B952CAE811A008DFF49 /* FiveGuyesApp.swift in Sources */ = {isa = PBXBuildFile; fileRef = 26890B942CAE811A008DFF49 /* FiveGuyesApp.swift */; };
		26890B972CAE811A008DFF49 /* ContentView.swift in Sources */ = {isa = PBXBuildFile; fileRef = 26890B962CAE811A008DFF49 /* ContentView.swift */; };
		26890B992CAE811D008DFF49 /* Assets.xcassets in Resources */ = {isa = PBXBuildFile; fileRef = 26890B982CAE811D008DFF49 /* Assets.xcassets */; };
		26890B9C2CAE811D008DFF49 /* Preview Assets.xcassets in Resources */ = {isa = PBXBuildFile; fileRef = 26890B9B2CAE811D008DFF49 /* Preview Assets.xcassets */; };
		26890BBD2CAE98E2008DFF49 /* .swiftlint.yml in Resources */ = {isa = PBXBuildFile; fileRef = 26890BBC2CAE98E2008DFF49 /* .swiftlint.yml */; };
		26CF82582D1D3216005037E4 /* ReadingDateCalculator.swift in Sources */ = {isa = PBXBuildFile; fileRef = 26CF82572D1D3216005037E4 /* ReadingDateCalculator.swift */; };
		26CF825A2D1D4B09005037E4 /* ReadingPagesCalculator.swift in Sources */ = {isa = PBXBuildFile; fileRef = 26CF82592D1D4B09005037E4 /* ReadingPagesCalculator.swift */; };
		26EBDE262CDE3C6000B3A2BC /* BookSettingInputModel.swift in Sources */ = {isa = PBXBuildFile; fileRef = 26EBDE252CDE3C6000B3A2BC /* BookSettingInputModel.swift */; };
		26EBDE2A2CDF33D900B3A2BC /* Date+Extension.swift in Sources */ = {isa = PBXBuildFile; fileRef = 26EBDE292CDF33D900B3A2BC /* Date+Extension.swift */; };
		26EBDE2C2CE1341800B3A2BC /* ReadingRecord.swift in Sources */ = {isa = PBXBuildFile; fileRef = 26EBDE2B2CE1341800B3A2BC /* ReadingRecord.swift */; };
		26EBDE2F2CE3856900B3A2BC /* NotificationType.swift in Sources */ = {isa = PBXBuildFile; fileRef = 26EBDE2E2CE3856900B3A2BC /* NotificationType.swift */; };
		26EBDE812CEF812A00B3A2BC /* Calendar+Extension.swift in Sources */ = {isa = PBXBuildFile; fileRef = 26EBDE802CEF812A00B3A2BC /* Calendar+Extension.swift */; };
		26EBDE832CF0219300B3A2BC /* FontAsset.swift in Sources */ = {isa = PBXBuildFile; fileRef = 26EBDE822CF0219300B3A2BC /* FontAsset.swift */; };
		26EBDE8F2CF0684900B3A2BC /* View+Extension.swift in Sources */ = {isa = PBXBuildFile; fileRef = 26EBDE8E2CF0684900B3A2BC /* View+Extension.swift */; };
		26EBDE912CF068E600B3A2BC /* FontStyle.swift in Sources */ = {isa = PBXBuildFile; fileRef = 26EBDE902CF068E600B3A2BC /* FontStyle.swift */; };
		26EBDE932CF0707300B3A2BC /* Pretendard-Regular.otf in Resources */ = {isa = PBXBuildFile; fileRef = 26EBDE922CF0707300B3A2BC /* Pretendard-Regular.otf */; };
		26EBDE952CF0707A00B3A2BC /* Pretendard-SemiBold.otf in Resources */ = {isa = PBXBuildFile; fileRef = 26EBDE942CF0707A00B3A2BC /* Pretendard-SemiBold.otf */; };
		26EBDE972CF0764A00B3A2BC /* FontModifier.swift in Sources */ = {isa = PBXBuildFile; fileRef = 26EBDE962CF0764A00B3A2BC /* FontModifier.swift */; };
		26EBDE992CF07A7900B3A2BC /* FontWeight.swift in Sources */ = {isa = PBXBuildFile; fileRef = 26EBDE982CF07A7900B3A2BC /* FontWeight.swift */; };
		26EBDEA82CF1C5C900B3A2BC /* FirebaseAnalytics in Frameworks */ = {isa = PBXBuildFile; productRef = 26EBDEA72CF1C5C900B3A2BC /* FirebaseAnalytics */; };
		26EBDEAA2CF1C5C900B3A2BC /* FirebaseCrashlytics in Frameworks */ = {isa = PBXBuildFile; productRef = 26EBDEA92CF1C5C900B3A2BC /* FirebaseCrashlytics */; };
		26EBDEAC2CF1C5C900B3A2BC /* FirebaseDynamicLinks in Frameworks */ = {isa = PBXBuildFile; productRef = 26EBDEAB2CF1C5C900B3A2BC /* FirebaseDynamicLinks */; };
		26EBDEAE2CF1C5C900B3A2BC /* FirebaseInAppMessaging-Beta in Frameworks */ = {isa = PBXBuildFile; productRef = 26EBDEAD2CF1C5C900B3A2BC /* FirebaseInAppMessaging-Beta */; };
		26EBDEB02CF1C5C900B3A2BC /* FirebaseMessaging in Frameworks */ = {isa = PBXBuildFile; productRef = 26EBDEAF2CF1C5C900B3A2BC /* FirebaseMessaging */; };
		26EBDEB22CF1C5C900B3A2BC /* FirebaseRemoteConfig in Frameworks */ = {isa = PBXBuildFile; productRef = 26EBDEB12CF1C5C900B3A2BC /* FirebaseRemoteConfig */; };
		26EBDEB42CF1CC8500B3A2BC /* Tracking.swift in Sources */ = {isa = PBXBuildFile; fileRef = 26EBDEB32CF1CC8500B3A2BC /* Tracking.swift */; };
		26EBDEBC2CF238FD00B3A2BC /* ReadingProgressProtocol.swift in Sources */ = {isa = PBXBuildFile; fileRef = 26EBDEBB2CF238FD00B3A2BC /* ReadingProgressProtocol.swift */; };
		26EBDEBE2CF2390C00B3A2BC /* CompletionStatusProtocol.swift in Sources */ = {isa = PBXBuildFile; fileRef = 26EBDEBD2CF2390C00B3A2BC /* CompletionStatusProtocol.swift */; };
		26EBDEC02CF2398F00B3A2BC /* BookMetaDataProtocol.swift in Sources */ = {isa = PBXBuildFile; fileRef = 26EBDEBF2CF2398F00B3A2BC /* BookMetaDataProtocol.swift */; };
		26EBDEC22CF239AE00B3A2BC /* UserSettingsProtocol.swift in Sources */ = {isa = PBXBuildFile; fileRef = 26EBDEC12CF239AE00B3A2BC /* UserSettingsProtocol.swift */; };
		26EBDEC72CF4553600B3A2BC /* MigrationPlan.swift in Sources */ = {isa = PBXBuildFile; fileRef = 26EBDEC62CF4553500B3A2BC /* MigrationPlan.swift */; };
		26EBDECA2CF4556300B3A2BC /* UserBookSchemaV2.swift in Sources */ = {isa = PBXBuildFile; fileRef = 26EBDEC92CF4556300B3A2BC /* UserBookSchemaV2.swift */; };
		26EBDECD2CF4558B00B3A2BC /* UserBookSchemaV1.swift in Sources */ = {isa = PBXBuildFile; fileRef = 26EBDECC2CF4558B00B3A2BC /* UserBookSchemaV1.swift */; };
		26EBDED22CF45ACA00B3A2BC /* ReadingProgress.swift in Sources */ = {isa = PBXBuildFile; fileRef = 26EBDED12CF45ACA00B3A2BC /* ReadingProgress.swift */; };
		26EBDED42CF45B1E00B3A2BC /* UserSettings.swift in Sources */ = {isa = PBXBuildFile; fileRef = 26EBDED32CF45B1E00B3A2BC /* UserSettings.swift */; };
		26EBDED62CF45B3400B3A2BC /* BookMetaData.swift in Sources */ = {isa = PBXBuildFile; fileRef = 26EBDED52CF45B3400B3A2BC /* BookMetaData.swift */; };
		26EBDED82CF45B9300B3A2BC /* CompletionStatus.swift in Sources */ = {isa = PBXBuildFile; fileRef = 26EBDED72CF45B9300B3A2BC /* CompletionStatus.swift */; };
		26F19A682CD9EFD800F41D6D /* MainHomeView.swift in Sources */ = {isa = PBXBuildFile; fileRef = 26F19A672CD9EFD800F41D6D /* MainHomeView.swift */; };
		26F19A6A2CD9FE5C00F41D6D /* WeeklyReadingProgressView.swift in Sources */ = {isa = PBXBuildFile; fileRef = 26F19A692CD9FE5C00F41D6D /* WeeklyReadingProgressView.swift */; };
		26F19A6C2CDA0A2B00F41D6D /* CompletionListView.swift in Sources */ = {isa = PBXBuildFile; fileRef = 26F19A6B2CDA0A2B00F41D6D /* CompletionListView.swift */; };
		26F19A6E2CDA74A600F41D6D /* WeeklyPageCalendarView.swift in Sources */ = {isa = PBXBuildFile; fileRef = 26F19A6D2CDA74A600F41D6D /* WeeklyPageCalendarView.swift */; };
		26F19A722CDB267600F41D6D /* NavigationCoordinator.swift in Sources */ = {isa = PBXBuildFile; fileRef = 26F19A712CDB267600F41D6D /* NavigationCoordinator.swift */; };
		26F19A742CDB271E00F41D6D /* NavigationRootView.swift in Sources */ = {isa = PBXBuildFile; fileRef = 26F19A732CDB271E00F41D6D /* NavigationRootView.swift */; };
		26F19A782CDB5D0100F41D6D /* BookDetails.swift in Sources */ = {isa = PBXBuildFile; fileRef = 26F19A772CDB5D0100F41D6D /* BookDetails.swift */; };
		26F19A7A2CDB5F3900F41D6D /* ReadingScheduleCalculator.swift in Sources */ = {isa = PBXBuildFile; fileRef = 26F19A792CDB5F3900F41D6D /* ReadingScheduleCalculator.swift */; };
/* End PBXBuildFile section */

/* Begin PBXContainerItemProxy section */
		26CF82632D1D4D4D005037E4 /* PBXContainerItemProxy */ = {
			isa = PBXContainerItemProxy;
			containerPortal = 26890B892CAE811A008DFF49 /* Project object */;
			proxyType = 1;
			remoteGlobalIDString = 26890B902CAE811A008DFF49;
			remoteInfo = FiveGuyes;
		};
/* End PBXContainerItemProxy section */

/* Begin PBXFileReference section */
		1A010EAB2CD8A7E500FBE3B3 /* APIBooksModel.swift */ = {isa = PBXFileReference; lastKnownFileType = sourcecode.swift; path = APIBooksModel.swift; sourceTree = "<group>"; };
		1A010EAD2CD8A86E00FBE3B3 /* APIStore.swift */ = {isa = PBXFileReference; lastKnownFileType = sourcecode.swift; path = APIStore.swift; sourceTree = "<group>"; };
		1A010EB22CD8AA6D00FBE3B3 /* Info.plist */ = {isa = PBXFileReference; lastKnownFileType = text.plist; path = Info.plist; sourceTree = "<group>"; };
		1A010EB52CD8AF9800FBE3B3 /* BookSearchViewModel.swift */ = {isa = PBXFileReference; lastKnownFileType = sourcecode.swift; path = BookSearchViewModel.swift; sourceTree = "<group>"; };
		1A010EBD2CD8DA2400FBE3B3 /* BookListView.swift */ = {isa = PBXFileReference; lastKnownFileType = sourcecode.swift; path = BookListView.swift; sourceTree = "<group>"; };
		1A010EBF2CD8DA3800FBE3B3 /* BookLowView.swift */ = {isa = PBXFileReference; lastKnownFileType = sourcecode.swift; path = BookLowView.swift; sourceTree = "<group>"; };
		1A010EC12CD8DA4300FBE3B3 /* BookPageSettingView.swift */ = {isa = PBXFileReference; lastKnownFileType = sourcecode.swift; path = BookPageSettingView.swift; sourceTree = "<group>"; };
		1A27D95F2CDA31EE00D1E14D /* ProgressBar.swift */ = {isa = PBXFileReference; lastKnownFileType = sourcecode.swift; path = ProgressBar.swift; sourceTree = "<group>"; };
		1A27D9612CDB05C000D1E14D /* CustomTextFieldStylePageCount.swift */ = {isa = PBXFileReference; lastKnownFileType = sourcecode.swift; path = CustomTextFieldStylePageCount.swift; sourceTree = "<group>"; };
		1A27D9652CDB779000D1E14D /* TotalCalendarView.swift */ = {isa = PBXFileReference; lastKnownFileType = sourcecode.swift; path = TotalCalendarView.swift; sourceTree = "<group>"; };
		1A54142A2CD9FEF400283FBD /* BookSearchView.swift */ = {isa = PBXFileReference; lastKnownFileType = sourcecode.swift; name = BookSearchView.swift; path = FiveGuyes/Sources/Views/Screen/BookSetting/BookSearch/BookSearchView.swift; sourceTree = SOURCE_ROOT; };
		1A9E3D532CF88BA400C7B27A /* Text+Extension.swift */ = {isa = PBXFileReference; lastKnownFileType = sourcecode.swift; path = "Text+Extension.swift"; sourceTree = "<group>"; };
		1AA14A772CDDA30D00B763A6 /* TotalCalendarTextBubble.swift */ = {isa = PBXFileReference; lastKnownFileType = sourcecode.swift; path = TotalCalendarTextBubble.swift; sourceTree = "<group>"; };
		1AA14A792CDDD96200B763A6 /* NotificationManager.swift */ = {isa = PBXFileReference; lastKnownFileType = sourcecode.swift; path = NotificationManager.swift; sourceTree = "<group>"; };
		240445B32CED9074005C3623 /* ToastViewModel.swift */ = {isa = PBXFileReference; lastKnownFileType = sourcecode.swift; path = ToastViewModel.swift; sourceTree = "<group>"; };
		24360D492CD8BE3C00E83D2B /* FinishGoalView.swift */ = {isa = PBXFileReference; lastKnownFileType = sourcecode.swift; path = FinishGoalView.swift; sourceTree = "<group>"; };
		24360D522CD9F3AF00E83D2B /* DailyProgressView.swift */ = {isa = PBXFileReference; lastKnownFileType = sourcecode.swift; path = DailyProgressView.swift; sourceTree = "<group>"; };
		24F8A2162CEB290B00A01A76 /* Config.xcconfig */ = {isa = PBXFileReference; lastKnownFileType = text.xcconfig; path = Config.xcconfig; sourceTree = "<group>"; };
		24FAF9442CEC5224004FEC3F /* ToastView.swift */ = {isa = PBXFileReference; lastKnownFileType = sourcecode.swift; path = ToastView.swift; sourceTree = "<group>"; };
		261714D52CDDDA4000A3241D /* BookSettingsManagerView.swift */ = {isa = PBXFileReference; lastKnownFileType = sourcecode.swift; path = BookSettingsManagerView.swift; sourceTree = "<group>"; };
		2622C7D72D2AC4C000AA3FF4 /* DividerLine.swift */ = {isa = PBXFileReference; lastKnownFileType = sourcecode.swift; path = DividerLine.swift; sourceTree = "<group>"; };
		2622C7D92D2AC56400AA3FF4 /* CalendarWeekdayHeader.swift */ = {isa = PBXFileReference; lastKnownFileType = sourcecode.swift; path = CalendarWeekdayHeader.swift; sourceTree = "<group>"; };
		2622C7DB2D2AC67800AA3FF4 /* PageTextModifier.swift */ = {isa = PBXFileReference; lastKnownFileType = sourcecode.swift; path = PageTextModifier.swift; sourceTree = "<group>"; };
		2622C8002D2D8EDA00AA3FF4 /* UserBookDTO.swift */ = {isa = PBXFileReference; lastKnownFileType = sourcecode.swift; path = UserBookDTO.swift; sourceTree = "<group>"; };
		2622C8022D2D911200AA3FF4 /* BookRepository.swift */ = {isa = PBXFileReference; lastKnownFileType = sourcecode.swift; path = BookRepository.swift; sourceTree = "<group>"; };
		26410A972D26D18200D6B477 /* ReadingDatePickerView.swift */ = {isa = PBXFileReference; lastKnownFileType = sourcecode.swift; path = ReadingDatePickerView.swift; sourceTree = "<group>"; };
		26410A9A2D26D8F000D6B477 /* CalendarCalculator.swift */ = {isa = PBXFileReference; lastKnownFileType = sourcecode.swift; path = CalendarCalculator.swift; sourceTree = "<group>"; };
		26410AEC2D28599700D6B477 /* CalendarGridView.swift */ = {isa = PBXFileReference; lastKnownFileType = sourcecode.swift; path = CalendarGridView.swift; sourceTree = "<group>"; };
		26410AF42D292ED100D6B477 /* CalendarCellModel.swift */ = {isa = PBXFileReference; lastKnownFileType = sourcecode.swift; path = CalendarCellModel.swift; sourceTree = "<group>"; };
		26410AF62D2964E100D6B477 /* ReadingDateSettingView.swift */ = {isa = PBXFileReference; lastKnownFileType = sourcecode.swift; path = ReadingDateSettingView.swift; sourceTree = "<group>"; };
		26410AFA2D29845200D6B477 /* ReadingDateEditView.swift */ = {isa = PBXFileReference; lastKnownFileType = sourcecode.swift; path = ReadingDateEditView.swift; sourceTree = "<group>"; };
		2644404D2CD8A39E0031A290 /* CompletionCelebrationView.swift */ = {isa = PBXFileReference; lastKnownFileType = sourcecode.swift; path = CompletionCelebrationView.swift; sourceTree = "<group>"; };
		2644404F2CD8A3AC0031A290 /* CompletionReviewView.swift */ = {isa = PBXFileReference; lastKnownFileType = sourcecode.swift; path = CompletionReviewView.swift; sourceTree = "<group>"; };
		264440522CD8B1540031A290 /* String+Extension.swift */ = {isa = PBXFileReference; lastKnownFileType = sourcecode.swift; path = "String+Extension.swift"; sourceTree = "<group>"; };
		264440542CD8E0100031A290 /* KeyboardObserver.swift */ = {isa = PBXFileReference; lastKnownFileType = sourcecode.swift; path = KeyboardObserver.swift; sourceTree = "<group>"; };
		264440562CD8E0D20031A290 /* CustomTextEditorStyle.swift */ = {isa = PBXFileReference; lastKnownFileType = sourcecode.swift; path = CustomTextEditorStyle.swift; sourceTree = "<group>"; };
		264440582CD8F6020031A290 /* CustomBackButton.swift */ = {isa = PBXFileReference; lastKnownFileType = sourcecode.swift; path = CustomBackButton.swift; sourceTree = "<group>"; };
		2644405A2CD8F9380031A290 /* UINavigationController+Extension.swift */ = {isa = PBXFileReference; lastKnownFileType = sourcecode.swift; path = "UINavigationController+Extension.swift"; sourceTree = "<group>"; };
		264443E92CF861E5009422BA /* SystemSettingsManager.swift */ = {isa = PBXFileReference; lastKnownFileType = sourcecode.swift; path = SystemSettingsManager.swift; sourceTree = "<group>"; };
		264443EC2CF870B0009422BA /* UserDefaultsManager.swift */ = {isa = PBXFileReference; lastKnownFileType = sourcecode.swift; path = UserDefaultsManager.swift; sourceTree = "<group>"; };
		2655532E2CF6D73900288037 /* NotiSettingView.swift */ = {isa = PBXFileReference; lastKnownFileType = sourcecode.swift; path = NotiSettingView.swift; sourceTree = "<group>"; };
		26890B912CAE811A008DFF49 /* FiveGuyes.app */ = {isa = PBXFileReference; explicitFileType = wrapper.application; includeInIndex = 0; path = FiveGuyes.app; sourceTree = BUILT_PRODUCTS_DIR; };
		26890B942CAE811A008DFF49 /* FiveGuyesApp.swift */ = {isa = PBXFileReference; lastKnownFileType = sourcecode.swift; path = FiveGuyesApp.swift; sourceTree = "<group>"; };
		26890B962CAE811A008DFF49 /* ContentView.swift */ = {isa = PBXFileReference; lastKnownFileType = sourcecode.swift; path = ContentView.swift; sourceTree = "<group>"; };
		26890B982CAE811D008DFF49 /* Assets.xcassets */ = {isa = PBXFileReference; lastKnownFileType = folder.assetcatalog; path = Assets.xcassets; sourceTree = "<group>"; };
		26890B9B2CAE811D008DFF49 /* Preview Assets.xcassets */ = {isa = PBXFileReference; lastKnownFileType = folder.assetcatalog; path = "Preview Assets.xcassets"; sourceTree = "<group>"; };
		26890BBC2CAE98E2008DFF49 /* .swiftlint.yml */ = {isa = PBXFileReference; lastKnownFileType = text.yaml; path = .swiftlint.yml; sourceTree = "<group>"; };
		26CF82572D1D3216005037E4 /* ReadingDateCalculator.swift */ = {isa = PBXFileReference; lastKnownFileType = sourcecode.swift; path = ReadingDateCalculator.swift; sourceTree = "<group>"; };
		26CF82592D1D4B09005037E4 /* ReadingPagesCalculator.swift */ = {isa = PBXFileReference; lastKnownFileType = sourcecode.swift; path = ReadingPagesCalculator.swift; sourceTree = "<group>"; };
		26CF825F2D1D4D4D005037E4 /* ReadingDateCalculatorTests.xctest */ = {isa = PBXFileReference; explicitFileType = wrapper.cfbundle; includeInIndex = 0; path = ReadingDateCalculatorTests.xctest; sourceTree = BUILT_PRODUCTS_DIR; };
		26EBDE252CDE3C6000B3A2BC /* BookSettingInputModel.swift */ = {isa = PBXFileReference; lastKnownFileType = sourcecode.swift; path = BookSettingInputModel.swift; sourceTree = "<group>"; };
		26EBDE292CDF33D900B3A2BC /* Date+Extension.swift */ = {isa = PBXFileReference; lastKnownFileType = sourcecode.swift; path = "Date+Extension.swift"; sourceTree = "<group>"; };
		26EBDE2B2CE1341800B3A2BC /* ReadingRecord.swift */ = {isa = PBXFileReference; lastKnownFileType = sourcecode.swift; path = ReadingRecord.swift; sourceTree = "<group>"; };
		26EBDE2E2CE3856900B3A2BC /* NotificationType.swift */ = {isa = PBXFileReference; lastKnownFileType = sourcecode.swift; path = NotificationType.swift; sourceTree = "<group>"; };
		26EBDE802CEF812A00B3A2BC /* Calendar+Extension.swift */ = {isa = PBXFileReference; lastKnownFileType = sourcecode.swift; path = "Calendar+Extension.swift"; sourceTree = "<group>"; };
		26EBDE822CF0219300B3A2BC /* FontAsset.swift */ = {isa = PBXFileReference; lastKnownFileType = sourcecode.swift; path = FontAsset.swift; sourceTree = "<group>"; };
		26EBDE8E2CF0684900B3A2BC /* View+Extension.swift */ = {isa = PBXFileReference; lastKnownFileType = sourcecode.swift; path = "View+Extension.swift"; sourceTree = "<group>"; };
		26EBDE902CF068E600B3A2BC /* FontStyle.swift */ = {isa = PBXFileReference; lastKnownFileType = sourcecode.swift; path = FontStyle.swift; sourceTree = "<group>"; };
		26EBDE922CF0707300B3A2BC /* Pretendard-Regular.otf */ = {isa = PBXFileReference; lastKnownFileType = file; path = "Pretendard-Regular.otf"; sourceTree = "<group>"; };
		26EBDE942CF0707A00B3A2BC /* Pretendard-SemiBold.otf */ = {isa = PBXFileReference; lastKnownFileType = file; path = "Pretendard-SemiBold.otf"; sourceTree = "<group>"; };
		26EBDE962CF0764A00B3A2BC /* FontModifier.swift */ = {isa = PBXFileReference; lastKnownFileType = sourcecode.swift; path = FontModifier.swift; sourceTree = "<group>"; };
		26EBDE982CF07A7900B3A2BC /* FontWeight.swift */ = {isa = PBXFileReference; lastKnownFileType = sourcecode.swift; path = FontWeight.swift; sourceTree = "<group>"; };
		26EBDEA42CF1C21E00B3A2BC /* GoogleService-Info.plist */ = {isa = PBXFileReference; fileEncoding = 4; lastKnownFileType = text.plist.xml; path = "GoogleService-Info.plist"; sourceTree = "<group>"; };
		26EBDEB32CF1CC8500B3A2BC /* Tracking.swift */ = {isa = PBXFileReference; lastKnownFileType = sourcecode.swift; path = Tracking.swift; sourceTree = "<group>"; };
		26EBDEBB2CF238FD00B3A2BC /* ReadingProgressProtocol.swift */ = {isa = PBXFileReference; lastKnownFileType = sourcecode.swift; path = ReadingProgressProtocol.swift; sourceTree = "<group>"; };
		26EBDEBD2CF2390C00B3A2BC /* CompletionStatusProtocol.swift */ = {isa = PBXFileReference; lastKnownFileType = sourcecode.swift; path = CompletionStatusProtocol.swift; sourceTree = "<group>"; };
		26EBDEBF2CF2398F00B3A2BC /* BookMetaDataProtocol.swift */ = {isa = PBXFileReference; lastKnownFileType = sourcecode.swift; path = BookMetaDataProtocol.swift; sourceTree = "<group>"; };
		26EBDEC12CF239AE00B3A2BC /* UserSettingsProtocol.swift */ = {isa = PBXFileReference; lastKnownFileType = sourcecode.swift; path = UserSettingsProtocol.swift; sourceTree = "<group>"; };
		26EBDEC62CF4553500B3A2BC /* MigrationPlan.swift */ = {isa = PBXFileReference; fileEncoding = 4; lastKnownFileType = sourcecode.swift; path = MigrationPlan.swift; sourceTree = "<group>"; };
		26EBDEC92CF4556300B3A2BC /* UserBookSchemaV2.swift */ = {isa = PBXFileReference; lastKnownFileType = sourcecode.swift; path = UserBookSchemaV2.swift; sourceTree = "<group>"; };
		26EBDECC2CF4558B00B3A2BC /* UserBookSchemaV1.swift */ = {isa = PBXFileReference; lastKnownFileType = sourcecode.swift; path = UserBookSchemaV1.swift; sourceTree = "<group>"; };
		26EBDED12CF45ACA00B3A2BC /* ReadingProgress.swift */ = {isa = PBXFileReference; lastKnownFileType = sourcecode.swift; path = ReadingProgress.swift; sourceTree = "<group>"; };
		26EBDED32CF45B1E00B3A2BC /* UserSettings.swift */ = {isa = PBXFileReference; lastKnownFileType = sourcecode.swift; path = UserSettings.swift; sourceTree = "<group>"; };
		26EBDED52CF45B3400B3A2BC /* BookMetaData.swift */ = {isa = PBXFileReference; lastKnownFileType = sourcecode.swift; path = BookMetaData.swift; sourceTree = "<group>"; };
		26EBDED72CF45B9300B3A2BC /* CompletionStatus.swift */ = {isa = PBXFileReference; lastKnownFileType = sourcecode.swift; path = CompletionStatus.swift; sourceTree = "<group>"; };
		26F19A672CD9EFD800F41D6D /* MainHomeView.swift */ = {isa = PBXFileReference; lastKnownFileType = sourcecode.swift; path = MainHomeView.swift; sourceTree = "<group>"; };
		26F19A692CD9FE5C00F41D6D /* WeeklyReadingProgressView.swift */ = {isa = PBXFileReference; lastKnownFileType = sourcecode.swift; path = WeeklyReadingProgressView.swift; sourceTree = "<group>"; };
		26F19A6B2CDA0A2B00F41D6D /* CompletionListView.swift */ = {isa = PBXFileReference; lastKnownFileType = sourcecode.swift; path = CompletionListView.swift; sourceTree = "<group>"; };
		26F19A6D2CDA74A600F41D6D /* WeeklyPageCalendarView.swift */ = {isa = PBXFileReference; lastKnownFileType = sourcecode.swift; path = WeeklyPageCalendarView.swift; sourceTree = "<group>"; };
		26F19A712CDB267600F41D6D /* NavigationCoordinator.swift */ = {isa = PBXFileReference; lastKnownFileType = sourcecode.swift; path = NavigationCoordinator.swift; sourceTree = "<group>"; };
		26F19A732CDB271E00F41D6D /* NavigationRootView.swift */ = {isa = PBXFileReference; lastKnownFileType = sourcecode.swift; path = NavigationRootView.swift; sourceTree = "<group>"; };
		26F19A772CDB5D0100F41D6D /* BookDetails.swift */ = {isa = PBXFileReference; lastKnownFileType = sourcecode.swift; path = BookDetails.swift; sourceTree = "<group>"; };
		26F19A792CDB5F3900F41D6D /* ReadingScheduleCalculator.swift */ = {isa = PBXFileReference; lastKnownFileType = sourcecode.swift; path = ReadingScheduleCalculator.swift; sourceTree = "<group>"; };
/* End PBXFileReference section */

/* Begin PBXFileSystemSynchronizedRootGroup section */
		26CF82602D1D4D4D005037E4 /* ReadingDateCalculatorTests */ = {isa = PBXFileSystemSynchronizedRootGroup; explicitFileTypes = {}; explicitFolders = (); path = ReadingDateCalculatorTests; sourceTree = "<group>"; };
/* End PBXFileSystemSynchronizedRootGroup section */

/* Begin PBXFrameworksBuildPhase section */
		26890B8E2CAE811A008DFF49 /* Frameworks */ = {
			isa = PBXFrameworksBuildPhase;
			buildActionMask = 2147483647;
			files = (
				26EBDEA82CF1C5C900B3A2BC /* FirebaseAnalytics in Frameworks */,
				26EBDEAA2CF1C5C900B3A2BC /* FirebaseCrashlytics in Frameworks */,
				26EBDEB02CF1C5C900B3A2BC /* FirebaseMessaging in Frameworks */,
				26EBDEB22CF1C5C900B3A2BC /* FirebaseRemoteConfig in Frameworks */,
				26EBDEAC2CF1C5C900B3A2BC /* FirebaseDynamicLinks in Frameworks */,
				26EBDEAE2CF1C5C900B3A2BC /* FirebaseInAppMessaging-Beta in Frameworks */,
			);
			runOnlyForDeploymentPostprocessing = 0;
		};
		26CF825C2D1D4D4D005037E4 /* Frameworks */ = {
			isa = PBXFrameworksBuildPhase;
			buildActionMask = 2147483647;
			files = (
			);
			runOnlyForDeploymentPostprocessing = 0;
		};
/* End PBXFrameworksBuildPhase section */

/* Begin PBXGroup section */
		1A27D95E2CDA155B00D1E14D /* BookSetting */ = {
			isa = PBXGroup;
			children = (
				261714D52CDDDA4000A3241D /* BookSettingsManagerView.swift */,
				26EBDE242CDE3A7900B3A2BC /* BookSearch */,
				1A010EC12CD8DA4300FBE3B3 /* BookPageSettingView.swift */,
				26410AF62D2964E100D6B477 /* ReadingDateSettingView.swift */,
				24360D492CD8BE3C00E83D2B /* FinishGoalView.swift */,
			);
			path = BookSetting;
			sourceTree = "<group>";
		};
		24360D4F2CD9F2D800E83D2B /* BookProgress */ = {
			isa = PBXGroup;
			children = (
				24360D522CD9F3AF00E83D2B /* DailyProgressView.swift */,
			);
			path = BookProgress;
			sourceTree = "<group>";
		};
		2622C8032D2D911200AA3FF4 /* Repository */ = {
			isa = PBXGroup;
			children = (
				2622C8022D2D911200AA3FF4 /* BookRepository.swift */,
			);
			path = Repository;
			sourceTree = "<group>";
		};
		26410A962D26D0FF00D6B477 /* ReadingCalendar */ = {
			isa = PBXGroup;
			children = (
				26410A992D26D18700D6B477 /* ReadingDatePicker */,
				26410AFA2D29845200D6B477 /* ReadingDateEditView.swift */,
			);
			path = ReadingCalendar;
			sourceTree = "<group>";
		};
		26410A992D26D18700D6B477 /* ReadingDatePicker */ = {
			isa = PBXGroup;
			children = (
				26410A972D26D18200D6B477 /* ReadingDatePickerView.swift */,
				26410AEC2D28599700D6B477 /* CalendarGridView.swift */,
			);
			path = ReadingDatePicker;
			sourceTree = "<group>";
		};
		264440512CD8A3B50031A290 /* BookCompletion */ = {
			isa = PBXGroup;
			children = (
				2644404D2CD8A39E0031A290 /* CompletionCelebrationView.swift */,
				2644404F2CD8A3AC0031A290 /* CompletionReviewView.swift */,
			);
			path = BookCompletion;
			sourceTree = "<group>";
		};
		264443EB2CF8709D009422BA /* UserDefaults */ = {
			isa = PBXGroup;
			children = (
				264443EC2CF870B0009422BA /* UserDefaultsManager.swift */,
			);
			path = UserDefaults;
			sourceTree = "<group>";
		};
		2655532D2CF6D72800288037 /* NotiSettingView */ = {
			isa = PBXGroup;
			children = (
				2655532E2CF6D73900288037 /* NotiSettingView.swift */,
			);
			path = NotiSettingView;
			sourceTree = "<group>";
		};
		26890B882CAE811A008DFF49 = {
			isa = PBXGroup;
			children = (
				24F8A2162CEB290B00A01A76 /* Config.xcconfig */,
				26890B932CAE811A008DFF49 /* FiveGuyes */,
				26CF82602D1D4D4D005037E4 /* ReadingDateCalculatorTests */,
				26890B922CAE811A008DFF49 /* Products */,
				26EBDE2D2CE3307C00B3A2BC /* Recovered References */,
			);
			sourceTree = "<group>";
		};
		26890B922CAE811A008DFF49 /* Products */ = {
			isa = PBXGroup;
			children = (
				26890B912CAE811A008DFF49 /* FiveGuyes.app */,
				26CF825F2D1D4D4D005037E4 /* ReadingDateCalculatorTests.xctest */,
			);
			name = Products;
			sourceTree = "<group>";
		};
		26890B932CAE811A008DFF49 /* FiveGuyes */ = {
			isa = PBXGroup;
			children = (
				26EBDEA42CF1C21E00B3A2BC /* GoogleService-Info.plist */,
				1A010EB22CD8AA6D00FBE3B3 /* Info.plist */,
				26890B942CAE811A008DFF49 /* FiveGuyesApp.swift */,
				26890BBC2CAE98E2008DFF49 /* .swiftlint.yml */,
				26890BAD2CAE903E008DFF49 /* Resources */,
				26890BAE2CAE904A008DFF49 /* Sources */,
				26890B9A2CAE811D008DFF49 /* Preview Content */,
			);
			path = FiveGuyes;
			sourceTree = "<group>";
		};
		26890B9A2CAE811D008DFF49 /* Preview Content */ = {
			isa = PBXGroup;
			children = (
				26890B9B2CAE811D008DFF49 /* Preview Assets.xcassets */,
			);
			path = "Preview Content";
			sourceTree = "<group>";
		};
		26890BAD2CAE903E008DFF49 /* Resources */ = {
			isa = PBXGroup;
			children = (
				26890B982CAE811D008DFF49 /* Assets.xcassets */,
				26EBDE842CF021D100B3A2BC /* Font */,
				26D853002CCE44600016239A /* Extensions */,
			);
			path = Resources;
			sourceTree = "<group>";
		};
		26890BAE2CAE904A008DFF49 /* Sources */ = {
			isa = PBXGroup;
			children = (
				2622C8032D2D911200AA3FF4 /* Repository */,
				26EBDEC82CF4553D00B3A2BC /* SwiftDataMigration */,
				26CF82562D1D3205005037E4 /* Utils */,
				26D853032CCE44730016239A /* Models */,
				26D853022CCE44720016239A /* Stores */,
				26890BB12CAE90E4008DFF49 /* Views */,
				26D853012CCE446F0016239A /* Protocols */,
			);
			path = Sources;
			sourceTree = "<group>";
		};
		26890BB12CAE90E4008DFF49 /* Views */ = {
			isa = PBXGroup;
			children = (
				26890B962CAE811A008DFF49 /* ContentView.swift */,
				26D852F92CCE40930016239A /* Navigation */,
				26D852FB2CCE40BC0016239A /* Screen */,
				26D853052CCE44970016239A /* Components */,
				26D853042CCE44950016239A /* Shared */,
			);
			path = Views;
			sourceTree = "<group>";
		};
		26CF82562D1D3205005037E4 /* Utils */ = {
			isa = PBXGroup;
			children = (
				26CF82572D1D3216005037E4 /* ReadingDateCalculator.swift */,
				26CF82592D1D4B09005037E4 /* ReadingPagesCalculator.swift */,
				26410A9A2D26D8F000D6B477 /* CalendarCalculator.swift */,
			);
			path = Utils;
			sourceTree = "<group>";
		};
		26D852F92CCE40930016239A /* Navigation */ = {
			isa = PBXGroup;
			children = (
				26F19A732CDB271E00F41D6D /* NavigationRootView.swift */,
			);
			path = Navigation;
			sourceTree = "<group>";
		};
		26D852FB2CCE40BC0016239A /* Screen */ = {
			isa = PBXGroup;
			children = (
				26F19A662CD9EF9400F41D6D /* Main */,
				26410A962D26D0FF00D6B477 /* ReadingCalendar */,
				1A27D95E2CDA155B00D1E14D /* BookSetting */,
				24360D4F2CD9F2D800E83D2B /* BookProgress */,
				264440512CD8A3B50031A290 /* BookCompletion */,
				1A27D9652CDB779000D1E14D /* TotalCalendarView.swift */,
				2655532D2CF6D72800288037 /* NotiSettingView */,
			);
			path = Screen;
			sourceTree = "<group>";
		};
		26D853002CCE44600016239A /* Extensions */ = {
			isa = PBXGroup;
			children = (
				264440522CD8B1540031A290 /* String+Extension.swift */,
				2644405A2CD8F9380031A290 /* UINavigationController+Extension.swift */,
				26EBDE292CDF33D900B3A2BC /* Date+Extension.swift */,
				26EBDE802CEF812A00B3A2BC /* Calendar+Extension.swift */,
				26EBDE8E2CF0684900B3A2BC /* View+Extension.swift */,
				1A9E3D532CF88BA400C7B27A /* Text+Extension.swift */,
			);
			path = Extensions;
			sourceTree = "<group>";
		};
		26D853012CCE446F0016239A /* Protocols */ = {
			isa = PBXGroup;
			children = (
				26EBDEBB2CF238FD00B3A2BC /* ReadingProgressProtocol.swift */,
				26EBDEBD2CF2390C00B3A2BC /* CompletionStatusProtocol.swift */,
				26EBDEBF2CF2398F00B3A2BC /* BookMetaDataProtocol.swift */,
				26EBDEC12CF239AE00B3A2BC /* UserSettingsProtocol.swift */,
			);
			path = Protocols;
			sourceTree = "<group>";
		};
		26D853022CCE44720016239A /* Stores */ = {
			isa = PBXGroup;
			children = (
				1A010EAD2CD8A86E00FBE3B3 /* APIStore.swift */,
				1A010EB52CD8AF9800FBE3B3 /* BookSearchViewModel.swift */,
				264440542CD8E0100031A290 /* KeyboardObserver.swift */,
				26F19A712CDB267600F41D6D /* NavigationCoordinator.swift */,
				26EBDE252CDE3C6000B3A2BC /* BookSettingInputModel.swift */,
				240445B32CED9074005C3623 /* ToastViewModel.swift */,
				26410AF42D292ED100D6B477 /* CalendarCellModel.swift */,
			);
			path = Stores;
			sourceTree = "<group>";
		};
		26D853032CCE44730016239A /* Models */ = {
			isa = PBXGroup;
			children = (
				26EBDECF2CF459DB00B3A2BC /* UserBook */,
				264443E92CF861E5009422BA /* SystemSettingsManager.swift */,
				1A010EAB2CD8A7E500FBE3B3 /* APIBooksModel.swift */,
				26F19A792CDB5F3900F41D6D /* ReadingScheduleCalculator.swift */,
				26EBDE2E2CE3856900B3A2BC /* NotificationType.swift */,
				1AA14A792CDDD96200B763A6 /* NotificationManager.swift */,
				26EBDEB32CF1CC8500B3A2BC /* Tracking.swift */,
				264443EB2CF8709D009422BA /* UserDefaults */,
				2622C8002D2D8EDA00AA3FF4 /* UserBookDTO.swift */,
			);
			path = Models;
			sourceTree = "<group>";
		};
		26D853042CCE44950016239A /* Shared */ = {
			isa = PBXGroup;
			children = (
				264440582CD8F6020031A290 /* CustomBackButton.swift */,
				2622C7DB2D2AC67800AA3FF4 /* PageTextModifier.swift */,
			);
			path = Shared;
			sourceTree = "<group>";
		};
		26D853052CCE44970016239A /* Components */ = {
			isa = PBXGroup;
			children = (
				264440562CD8E0D20031A290 /* CustomTextEditorStyle.swift */,
				1A27D95F2CDA31EE00D1E14D /* ProgressBar.swift */,
				1A27D9612CDB05C000D1E14D /* CustomTextFieldStylePageCount.swift */,
				26F19A692CD9FE5C00F41D6D /* WeeklyReadingProgressView.swift */,
				26F19A6B2CDA0A2B00F41D6D /* CompletionListView.swift */,
				26F19A6D2CDA74A600F41D6D /* WeeklyPageCalendarView.swift */,
				1AA14A772CDDA30D00B763A6 /* TotalCalendarTextBubble.swift */,
				24FAF9442CEC5224004FEC3F /* ToastView.swift */,
				2622C7D72D2AC4C000AA3FF4 /* DividerLine.swift */,
				2622C7D92D2AC56400AA3FF4 /* CalendarWeekdayHeader.swift */,
			);
			path = Components;
			sourceTree = "<group>";
		};
		26EBDE242CDE3A7900B3A2BC /* BookSearch */ = {
			isa = PBXGroup;
			children = (
				1A010EBD2CD8DA2400FBE3B3 /* BookListView.swift */,
				1A010EBF2CD8DA3800FBE3B3 /* BookLowView.swift */,
				1A54142A2CD9FEF400283FBD /* BookSearchView.swift */,
			);
			path = BookSearch;
			sourceTree = "<group>";
		};
		26EBDE2D2CE3307C00B3A2BC /* Recovered References */ = {
			isa = PBXGroup;
			children = (
			);
			name = "Recovered References";
			sourceTree = "<group>";
		};
		26EBDE842CF021D100B3A2BC /* Font */ = {
			isa = PBXGroup;
			children = (
				26EBDE822CF0219300B3A2BC /* FontAsset.swift */,
				26EBDE902CF068E600B3A2BC /* FontStyle.swift */,
				26EBDE962CF0764A00B3A2BC /* FontModifier.swift */,
				26EBDE982CF07A7900B3A2BC /* FontWeight.swift */,
				26EBDE872CF024B100B3A2BC /* PretendardFont */,
			);
			path = Font;
			sourceTree = "<group>";
		};
		26EBDE872CF024B100B3A2BC /* PretendardFont */ = {
			isa = PBXGroup;
			children = (
				26EBDE922CF0707300B3A2BC /* Pretendard-Regular.otf */,
				26EBDE942CF0707A00B3A2BC /* Pretendard-SemiBold.otf */,
			);
			path = PretendardFont;
			sourceTree = "<group>";
		};
		26EBDEC82CF4553D00B3A2BC /* SwiftDataMigration */ = {
			isa = PBXGroup;
			children = (
				26EBDEC62CF4553500B3A2BC /* MigrationPlan.swift */,
				26EBDECB2CF4557800B3A2BC /* UserBookSchema */,
			);
			path = SwiftDataMigration;
			sourceTree = "<group>";
		};
		26EBDECB2CF4557800B3A2BC /* UserBookSchema */ = {
			isa = PBXGroup;
			children = (
				26EBDECC2CF4558B00B3A2BC /* UserBookSchemaV1.swift */,
				26EBDEC92CF4556300B3A2BC /* UserBookSchemaV2.swift */,
			);
			path = UserBookSchema;
			sourceTree = "<group>";
		};
		26EBDECE2CF4597100B3A2BC /* UserBookModelV1 */ = {
			isa = PBXGroup;
			children = (
				26F19A772CDB5D0100F41D6D /* BookDetails.swift */,
			);
			path = UserBookModelV1;
			sourceTree = "<group>";
		};
		26EBDECF2CF459DB00B3A2BC /* UserBook */ = {
			isa = PBXGroup;
			children = (
				26EBDE2B2CE1341800B3A2BC /* ReadingRecord.swift */,
				26EBDED02CF45AB300B3A2BC /* UserBookModelV2 */,
				26EBDECE2CF4597100B3A2BC /* UserBookModelV1 */,
			);
			path = UserBook;
			sourceTree = "<group>";
		};
		26EBDED02CF45AB300B3A2BC /* UserBookModelV2 */ = {
			isa = PBXGroup;
			children = (
				26EBDED12CF45ACA00B3A2BC /* ReadingProgress.swift */,
				26EBDED52CF45B3400B3A2BC /* BookMetaData.swift */,
				26EBDED32CF45B1E00B3A2BC /* UserSettings.swift */,
				26EBDED72CF45B9300B3A2BC /* CompletionStatus.swift */,
			);
			path = UserBookModelV2;
			sourceTree = "<group>";
		};
		26F19A662CD9EF9400F41D6D /* Main */ = {
			isa = PBXGroup;
			children = (
				26F19A672CD9EFD800F41D6D /* MainHomeView.swift */,
			);
			path = Main;
			sourceTree = "<group>";
		};
/* End PBXGroup section */

/* Begin PBXNativeTarget section */
		26890B902CAE811A008DFF49 /* FiveGuyes */ = {
			isa = PBXNativeTarget;
			buildConfigurationList = 26890B9F2CAE811D008DFF49 /* Build configuration list for PBXNativeTarget "FiveGuyes" */;
			buildPhases = (
				26890B8D2CAE811A008DFF49 /* Sources */,
				26890B8E2CAE811A008DFF49 /* Frameworks */,
				26890B8F2CAE811A008DFF49 /* Resources */,
				264443F02D12B92D009422BA /* ShellScript */,
			);
			buildRules = (
			);
			dependencies = (
				26890BBB2CAE9896008DFF49 /* PBXTargetDependency */,
			);
			name = FiveGuyes;
			packageProductDependencies = (
				26EBDEA72CF1C5C900B3A2BC /* FirebaseAnalytics */,
				26EBDEA92CF1C5C900B3A2BC /* FirebaseCrashlytics */,
				26EBDEAB2CF1C5C900B3A2BC /* FirebaseDynamicLinks */,
				26EBDEAD2CF1C5C900B3A2BC /* FirebaseInAppMessaging-Beta */,
				26EBDEAF2CF1C5C900B3A2BC /* FirebaseMessaging */,
				26EBDEB12CF1C5C900B3A2BC /* FirebaseRemoteConfig */,
			);
			productName = FiveGuyes;
			productReference = 26890B912CAE811A008DFF49 /* FiveGuyes.app */;
			productType = "com.apple.product-type.application";
		};
		26CF825E2D1D4D4D005037E4 /* ReadingDateCalculatorTests */ = {
			isa = PBXNativeTarget;
			buildConfigurationList = 26CF82652D1D4D4D005037E4 /* Build configuration list for PBXNativeTarget "ReadingDateCalculatorTests" */;
			buildPhases = (
				26CF825B2D1D4D4D005037E4 /* Sources */,
				26CF825C2D1D4D4D005037E4 /* Frameworks */,
				26CF825D2D1D4D4D005037E4 /* Resources */,
			);
			buildRules = (
			);
			dependencies = (
				26CF82642D1D4D4D005037E4 /* PBXTargetDependency */,
			);
			fileSystemSynchronizedGroups = (
				26CF82602D1D4D4D005037E4 /* ReadingDateCalculatorTests */,
			);
			name = ReadingDateCalculatorTests;
			packageProductDependencies = (
			);
			productName = ReadingDateCalculatorTests;
			productReference = 26CF825F2D1D4D4D005037E4 /* ReadingDateCalculatorTests.xctest */;
			productType = "com.apple.product-type.bundle.unit-test";
		};
/* End PBXNativeTarget section */

/* Begin PBXProject section */
		26890B892CAE811A008DFF49 /* Project object */ = {
			isa = PBXProject;
			attributes = {
				BuildIndependentTargetsInParallel = 1;
				LastSwiftUpdateCheck = 1620;
				LastUpgradeCheck = 1520;
				TargetAttributes = {
					26890B902CAE811A008DFF49 = {
						CreatedOnToolsVersion = 15.2;
					};
					26CF825E2D1D4D4D005037E4 = {
						CreatedOnToolsVersion = 16.2;
						TestTargetID = 26890B902CAE811A008DFF49;
					};
				};
			};
			buildConfigurationList = 26890B8C2CAE811A008DFF49 /* Build configuration list for PBXProject "FiveGuyes" */;
			compatibilityVersion = "Xcode 14.0";
			developmentRegion = ko;
			hasScannedForEncodings = 0;
			knownRegions = (
				Base,
				ko,
			);
			mainGroup = 26890B882CAE811A008DFF49;
			packageReferences = (
				26890BB92CAE9843008DFF49 /* XCRemoteSwiftPackageReference "SwiftLintPlugins" */,
				26EBDEA62CF1C5C900B3A2BC /* XCRemoteSwiftPackageReference "firebase-ios-sdk" */,
			);
			productRefGroup = 26890B922CAE811A008DFF49 /* Products */;
			projectDirPath = "";
			projectRoot = "";
			targets = (
				26890B902CAE811A008DFF49 /* FiveGuyes */,
				26CF825E2D1D4D4D005037E4 /* ReadingDateCalculatorTests */,
			);
		};
/* End PBXProject section */

/* Begin PBXResourcesBuildPhase section */
		26890B8F2CAE811A008DFF49 /* Resources */ = {
			isa = PBXResourcesBuildPhase;
			buildActionMask = 2147483647;
			files = (
				1A9E3D502CF85C5700C7B27A /* GoogleService-Info.plist in Resources */,
				26EBDE932CF0707300B3A2BC /* Pretendard-Regular.otf in Resources */,
				26EBDE952CF0707A00B3A2BC /* Pretendard-SemiBold.otf in Resources */,
				24F8A2172CEB290B00A01A76 /* Config.xcconfig in Resources */,
				26890BBD2CAE98E2008DFF49 /* .swiftlint.yml in Resources */,
				26890B9C2CAE811D008DFF49 /* Preview Assets.xcassets in Resources */,
				26890B992CAE811D008DFF49 /* Assets.xcassets in Resources */,
			);
			runOnlyForDeploymentPostprocessing = 0;
		};
		26CF825D2D1D4D4D005037E4 /* Resources */ = {
			isa = PBXResourcesBuildPhase;
			buildActionMask = 2147483647;
			files = (
			);
			runOnlyForDeploymentPostprocessing = 0;
		};
/* End PBXResourcesBuildPhase section */

/* Begin PBXShellScriptBuildPhase section */
		264443F02D12B92D009422BA /* ShellScript */ = {
			isa = PBXShellScriptBuildPhase;
			buildActionMask = 2147483647;
			files = (
			);
			inputFileListPaths = (
			);
			inputPaths = (
				"${DWARF_DSYM_FOLDER_PATH}/${DWARF_DSYM_FILE_NAME}",
				"${DWARF_DSYM_FOLDER_PATH}/${DWARF_DSYM_FILE_NAME}/Contents/Resources/DWARF/${PRODUCT_NAME}",
				"${DWARF_DSYM_FOLDER_PATH}/${DWARF_DSYM_FILE_NAME}/Contents/Info.plist",
				"$(TARGET_BUILD_DIR)/$(UNLOCALIZED_RESOURCES_FOLDER_PATH)/GoogleService-Info.plist",
				"$(TARGET_BUILD_DIR)/$(EXECUTABLE_PATH)",
			);
			outputFileListPaths = (
			);
			outputPaths = (
			);
			runOnlyForDeploymentPostprocessing = 0;
			shellPath = /bin/sh;
			shellScript = "\"${BUILD_DIR%/Build/*}/SourcePackages/checkouts/firebase-ios-sdk/Crashlytics/run\"\n";
		};
/* End PBXShellScriptBuildPhase section */

/* Begin PBXSourcesBuildPhase section */
		26890B8D2CAE811A008DFF49 /* Sources */ = {
			isa = PBXSourcesBuildPhase;
			buildActionMask = 2147483647;
			files = (
				1A54142B2CD9FEF400283FBD /* BookSearchView.swift in Sources */,
				26F19A782CDB5D0100F41D6D /* BookDetails.swift in Sources */,
				26EBDECA2CF4556300B3A2BC /* UserBookSchemaV2.swift in Sources */,
				1A010EAE2CD8A86E00FBE3B3 /* APIStore.swift in Sources */,
				264443ED2CF870B0009422BA /* UserDefaultsManager.swift in Sources */,
				1A010EBE2CD8DA2400FBE3B3 /* BookListView.swift in Sources */,
				1A010EC22CD8DA4300FBE3B3 /* BookPageSettingView.swift in Sources */,
				1A010EC02CD8DA3800FBE3B3 /* BookLowView.swift in Sources */,
				26EBDE812CEF812A00B3A2BC /* Calendar+Extension.swift in Sources */,
				1A010EAC2CD8A7E500FBE3B3 /* APIBooksModel.swift in Sources */,
				240445B42CED9074005C3623 /* ToastViewModel.swift in Sources */,
				2622C7D82D2AC4C000AA3FF4 /* DividerLine.swift in Sources */,
				26EBDE832CF0219300B3A2BC /* FontAsset.swift in Sources */,
				26890B972CAE811A008DFF49 /* ContentView.swift in Sources */,
				26EBDEB42CF1CC8500B3A2BC /* Tracking.swift in Sources */,
				26410A982D26D18200D6B477 /* ReadingDatePickerView.swift in Sources */,
				261714D62CDDDA4000A3241D /* BookSettingsManagerView.swift in Sources */,
				1AA14A782CDDA30D00B763A6 /* TotalCalendarTextBubble.swift in Sources */,
				24360D532CD9F3AF00E83D2B /* DailyProgressView.swift in Sources */,
				1A27D9602CDA31EE00D1E14D /* ProgressBar.swift in Sources */,
				26410AF72D2964E100D6B477 /* ReadingDateSettingView.swift in Sources */,
				1A27D9622CDB05C000D1E14D /* CustomTextFieldStylePageCount.swift in Sources */,
				26EBDEC22CF239AE00B3A2BC /* UserSettingsProtocol.swift in Sources */,
				26F19A7A2CDB5F3900F41D6D /* ReadingScheduleCalculator.swift in Sources */,
				2622C8042D2D911200AA3FF4 /* BookRepository.swift in Sources */,
				26EBDED62CF45B3400B3A2BC /* BookMetaData.swift in Sources */,
				26EBDE8F2CF0684900B3A2BC /* View+Extension.swift in Sources */,
				26EBDED82CF45B9300B3A2BC /* CompletionStatus.swift in Sources */,
				264443EA2CF861E5009422BA /* SystemSettingsManager.swift in Sources */,
				1A010EB62CD8AF9800FBE3B3 /* BookSearchViewModel.swift in Sources */,
				26EBDED22CF45ACA00B3A2BC /* ReadingProgress.swift in Sources */,
				26EBDE2C2CE1341800B3A2BC /* ReadingRecord.swift in Sources */,
				2622C8012D2D8EDA00AA3FF4 /* UserBookDTO.swift in Sources */,
				26EBDE2A2CDF33D900B3A2BC /* Date+Extension.swift in Sources */,
				1A9E3D542CF88BA400C7B27A /* Text+Extension.swift in Sources */,
				26EBDEC02CF2398F00B3A2BC /* BookMetaDataProtocol.swift in Sources */,
				26F19A722CDB267600F41D6D /* NavigationCoordinator.swift in Sources */,
				26410AED2D28599700D6B477 /* CalendarGridView.swift in Sources */,
				26410AFB2D29845200D6B477 /* ReadingDateEditView.swift in Sources */,
				2622C7DA2D2AC56400AA3FF4 /* CalendarWeekdayHeader.swift in Sources */,
				26EBDED42CF45B1E00B3A2BC /* UserSettings.swift in Sources */,
				264440592CD8F6020031A290 /* CustomBackButton.swift in Sources */,
				26EBDEC72CF4553600B3A2BC /* MigrationPlan.swift in Sources */,
				24360D4A2CD8BE3C00E83D2B /* FinishGoalView.swift in Sources */,
				26EBDECD2CF4558B00B3A2BC /* UserBookSchemaV1.swift in Sources */,
				26F19A682CD9EFD800F41D6D /* MainHomeView.swift in Sources */,
				26410AF52D292ED100D6B477 /* CalendarCellModel.swift in Sources */,
				26F19A742CDB271E00F41D6D /* NavigationRootView.swift in Sources */,
				1AA14A7A2CDDD96200B763A6 /* NotificationManager.swift in Sources */,
				24FAF9452CEC5224004FEC3F /* ToastView.swift in Sources */,
				26EBDE912CF068E600B3A2BC /* FontStyle.swift in Sources */,
				26CF825A2D1D4B09005037E4 /* ReadingPagesCalculator.swift in Sources */,
				264440502CD8A3AC0031A290 /* CompletionReviewView.swift in Sources */,
				26EBDEBE2CF2390C00B3A2BC /* CompletionStatusProtocol.swift in Sources */,
				264440502CD8A3AC0031A290 /* CompletionReviewView.swift in Sources */,
				2655532F2CF6D73900288037 /* NotiSettingView.swift in Sources */,
				26890B952CAE811A008DFF49 /* FiveGuyesApp.swift in Sources */,
				26CF82582D1D3216005037E4 /* ReadingDateCalculator.swift in Sources */,
				26EBDE992CF07A7900B3A2BC /* FontWeight.swift in Sources */,
				26EBDE972CF0764A00B3A2BC /* FontModifier.swift in Sources */,
				26F19A6E2CDA74A600F41D6D /* WeeklyPageCalendarView.swift in Sources */,
				26EBDEBC2CF238FD00B3A2BC /* ReadingProgressProtocol.swift in Sources */,
				264440532CD8B1540031A290 /* String+Extension.swift in Sources */,
				264440572CD8E0D20031A290 /* CustomTextEditorStyle.swift in Sources */,
				264440552CD8E0100031A290 /* KeyboardObserver.swift in Sources */,
				26F19A6C2CDA0A2B00F41D6D /* CompletionListView.swift in Sources */,
				26EBDE2F2CE3856900B3A2BC /* NotificationType.swift in Sources */,
				1A27D9662CDB779000D1E14D /* TotalCalendarView.swift in Sources */,
				2622C7DC2D2AC67800AA3FF4 /* PageTextModifier.swift in Sources */,
				2644404E2CD8A39E0031A290 /* CompletionCelebrationView.swift in Sources */,
				26410A9B2D26D8F000D6B477 /* CalendarCalculator.swift in Sources */,
				26EBDE262CDE3C6000B3A2BC /* BookSettingInputModel.swift in Sources */,
				26F19A6A2CD9FE5C00F41D6D /* WeeklyReadingProgressView.swift in Sources */,
				2644405B2CD8F9380031A290 /* UINavigationController+Extension.swift in Sources */,
			);
			runOnlyForDeploymentPostprocessing = 0;
		};
		26CF825B2D1D4D4D005037E4 /* Sources */ = {
			isa = PBXSourcesBuildPhase;
			buildActionMask = 2147483647;
			files = (
			);
			runOnlyForDeploymentPostprocessing = 0;
		};
/* End PBXSourcesBuildPhase section */

/* Begin PBXTargetDependency section */
		26890BBB2CAE9896008DFF49 /* PBXTargetDependency */ = {
			isa = PBXTargetDependency;
			productRef = 26890BBA2CAE9896008DFF49 /* SwiftLintBuildToolPlugin */;
		};
		26CF82642D1D4D4D005037E4 /* PBXTargetDependency */ = {
			isa = PBXTargetDependency;
			target = 26890B902CAE811A008DFF49 /* FiveGuyes */;
			targetProxy = 26CF82632D1D4D4D005037E4 /* PBXContainerItemProxy */;
		};
/* End PBXTargetDependency section */

/* Begin XCBuildConfiguration section */
		26890B9D2CAE811D008DFF49 /* Debug */ = {
			isa = XCBuildConfiguration;
			baseConfigurationReference = 24F8A2162CEB290B00A01A76 /* Config.xcconfig */;
			buildSettings = {
				ALWAYS_SEARCH_USER_PATHS = NO;
				ASSETCATALOG_COMPILER_GENERATE_SWIFT_ASSET_SYMBOL_EXTENSIONS = YES;
				CLANG_ANALYZER_NONNULL = YES;
				CLANG_ANALYZER_NUMBER_OBJECT_CONVERSION = YES_AGGRESSIVE;
				CLANG_CXX_LANGUAGE_STANDARD = "gnu++20";
				CLANG_ENABLE_MODULES = YES;
				CLANG_ENABLE_OBJC_ARC = YES;
				CLANG_ENABLE_OBJC_WEAK = YES;
				CLANG_WARN_BLOCK_CAPTURE_AUTORELEASING = YES;
				CLANG_WARN_BOOL_CONVERSION = YES;
				CLANG_WARN_COMMA = YES;
				CLANG_WARN_CONSTANT_CONVERSION = YES;
				CLANG_WARN_DEPRECATED_OBJC_IMPLEMENTATIONS = YES;
				CLANG_WARN_DIRECT_OBJC_ISA_USAGE = YES_ERROR;
				CLANG_WARN_DOCUMENTATION_COMMENTS = YES;
				CLANG_WARN_EMPTY_BODY = YES;
				CLANG_WARN_ENUM_CONVERSION = YES;
				CLANG_WARN_INFINITE_RECURSION = YES;
				CLANG_WARN_INT_CONVERSION = YES;
				CLANG_WARN_NON_LITERAL_NULL_CONVERSION = YES;
				CLANG_WARN_OBJC_IMPLICIT_RETAIN_SELF = YES;
				CLANG_WARN_OBJC_LITERAL_CONVERSION = YES;
				CLANG_WARN_OBJC_ROOT_CLASS = YES_ERROR;
				CLANG_WARN_QUOTED_INCLUDE_IN_FRAMEWORK_HEADER = YES;
				CLANG_WARN_RANGE_LOOP_ANALYSIS = YES;
				CLANG_WARN_STRICT_PROTOTYPES = YES;
				CLANG_WARN_SUSPICIOUS_MOVE = YES;
				CLANG_WARN_UNGUARDED_AVAILABILITY = YES_AGGRESSIVE;
				CLANG_WARN_UNREACHABLE_CODE = YES;
				CLANG_WARN__DUPLICATE_METHOD_MATCH = YES;
				COPY_PHASE_STRIP = NO;
				DEBUG_INFORMATION_FORMAT = dwarf;
				ENABLE_STRICT_OBJC_MSGSEND = YES;
				ENABLE_TESTABILITY = YES;
				ENABLE_USER_SCRIPT_SANDBOXING = YES;
				GCC_C_LANGUAGE_STANDARD = gnu17;
				GCC_DYNAMIC_NO_PIC = NO;
				GCC_NO_COMMON_BLOCKS = YES;
				GCC_OPTIMIZATION_LEVEL = 0;
				GCC_PREPROCESSOR_DEFINITIONS = (
					"DEBUG=1",
					"$(inherited)",
				);
				GCC_WARN_64_TO_32_BIT_CONVERSION = YES;
				GCC_WARN_ABOUT_RETURN_TYPE = YES_ERROR;
				GCC_WARN_UNDECLARED_SELECTOR = YES;
				GCC_WARN_UNINITIALIZED_AUTOS = YES_AGGRESSIVE;
				GCC_WARN_UNUSED_FUNCTION = YES;
				GCC_WARN_UNUSED_VARIABLE = YES;
				IPHONEOS_DEPLOYMENT_TARGET = 17.0;
				LOCALIZATION_PREFERS_STRING_CATALOGS = YES;
				MTL_ENABLE_DEBUG_INFO = INCLUDE_SOURCE;
				MTL_FAST_MATH = YES;
				ONLY_ACTIVE_ARCH = YES;
				OTHER_LDFLAGS = "";
				SDKROOT = iphoneos;
				SWIFT_ACTIVE_COMPILATION_CONDITIONS = "DEBUG $(inherited)";
				SWIFT_OPTIMIZATION_LEVEL = "-Onone";
			};
			name = Debug;
		};
		26890B9E2CAE811D008DFF49 /* Release */ = {
			isa = XCBuildConfiguration;
			baseConfigurationReference = 24F8A2162CEB290B00A01A76 /* Config.xcconfig */;
			buildSettings = {
				ALWAYS_SEARCH_USER_PATHS = NO;
				ASSETCATALOG_COMPILER_GENERATE_SWIFT_ASSET_SYMBOL_EXTENSIONS = YES;
				CLANG_ANALYZER_NONNULL = YES;
				CLANG_ANALYZER_NUMBER_OBJECT_CONVERSION = YES_AGGRESSIVE;
				CLANG_CXX_LANGUAGE_STANDARD = "gnu++20";
				CLANG_ENABLE_MODULES = YES;
				CLANG_ENABLE_OBJC_ARC = YES;
				CLANG_ENABLE_OBJC_WEAK = YES;
				CLANG_WARN_BLOCK_CAPTURE_AUTORELEASING = YES;
				CLANG_WARN_BOOL_CONVERSION = YES;
				CLANG_WARN_COMMA = YES;
				CLANG_WARN_CONSTANT_CONVERSION = YES;
				CLANG_WARN_DEPRECATED_OBJC_IMPLEMENTATIONS = YES;
				CLANG_WARN_DIRECT_OBJC_ISA_USAGE = YES_ERROR;
				CLANG_WARN_DOCUMENTATION_COMMENTS = YES;
				CLANG_WARN_EMPTY_BODY = YES;
				CLANG_WARN_ENUM_CONVERSION = YES;
				CLANG_WARN_INFINITE_RECURSION = YES;
				CLANG_WARN_INT_CONVERSION = YES;
				CLANG_WARN_NON_LITERAL_NULL_CONVERSION = YES;
				CLANG_WARN_OBJC_IMPLICIT_RETAIN_SELF = YES;
				CLANG_WARN_OBJC_LITERAL_CONVERSION = YES;
				CLANG_WARN_OBJC_ROOT_CLASS = YES_ERROR;
				CLANG_WARN_QUOTED_INCLUDE_IN_FRAMEWORK_HEADER = YES;
				CLANG_WARN_RANGE_LOOP_ANALYSIS = YES;
				CLANG_WARN_STRICT_PROTOTYPES = YES;
				CLANG_WARN_SUSPICIOUS_MOVE = YES;
				CLANG_WARN_UNGUARDED_AVAILABILITY = YES_AGGRESSIVE;
				CLANG_WARN_UNREACHABLE_CODE = YES;
				CLANG_WARN__DUPLICATE_METHOD_MATCH = YES;
				COPY_PHASE_STRIP = NO;
				DEBUG_INFORMATION_FORMAT = "dwarf-with-dsym";
				ENABLE_NS_ASSERTIONS = NO;
				ENABLE_STRICT_OBJC_MSGSEND = YES;
				ENABLE_USER_SCRIPT_SANDBOXING = YES;
				GCC_C_LANGUAGE_STANDARD = gnu17;
				GCC_NO_COMMON_BLOCKS = YES;
				GCC_WARN_64_TO_32_BIT_CONVERSION = YES;
				GCC_WARN_ABOUT_RETURN_TYPE = YES_ERROR;
				GCC_WARN_UNDECLARED_SELECTOR = YES;
				GCC_WARN_UNINITIALIZED_AUTOS = YES_AGGRESSIVE;
				GCC_WARN_UNUSED_FUNCTION = YES;
				GCC_WARN_UNUSED_VARIABLE = YES;
				IPHONEOS_DEPLOYMENT_TARGET = 17.0;
				LOCALIZATION_PREFERS_STRING_CATALOGS = YES;
				MTL_ENABLE_DEBUG_INFO = NO;
				MTL_FAST_MATH = YES;
				ONLY_ACTIVE_ARCH = NO;
				OTHER_LDFLAGS = "";
				SDKROOT = iphoneos;
				SWIFT_COMPILATION_MODE = wholemodule;
				VALIDATE_PRODUCT = YES;
			};
			name = Release;
		};
		26890BA02CAE811D008DFF49 /* Debug */ = {
			isa = XCBuildConfiguration;
			buildSettings = {
				ASSETCATALOG_COMPILER_APPICON_NAME = AppIcon;
				ASSETCATALOG_COMPILER_GLOBAL_ACCENT_COLOR_NAME = AccentColor;
				CODE_SIGN_STYLE = Automatic;
				CURRENT_PROJECT_VERSION = 1;
				DEBUG_INFORMATION_FORMAT = "dwarf-with-dsym";
				DEVELOPMENT_ASSET_PATHS = "\"FiveGuyes/Preview Content\"";
				DEVELOPMENT_TEAM = "";
				ENABLE_PREVIEWS = YES;
				GENERATE_INFOPLIST_FILE = YES;
				INFOPLIST_FILE = FiveGuyes/Info.plist;
				INFOPLIST_KEY_CFBundleDisplayName = "한입독서";
				INFOPLIST_KEY_LSApplicationCategoryType = "public.app-category.books";
				INFOPLIST_KEY_NSUserTrackingUsageDescription = "사용자에게 맞춤 서비스를 제공하기 위해 사용되며, 서비스 이외에 목적으로는 절대 사용되지 않습니다.";
				INFOPLIST_KEY_UIApplicationSceneManifest_Generation = YES;
				INFOPLIST_KEY_UIApplicationSupportsIndirectInputEvents = YES;
				INFOPLIST_KEY_UILaunchScreen_Generation = YES;
				INFOPLIST_KEY_UISupportedInterfaceOrientations = UIInterfaceOrientationPortrait;
				INFOPLIST_KEY_UISupportedInterfaceOrientations_iPad = "UIInterfaceOrientationLandscapeLeft UIInterfaceOrientationLandscapeRight UIInterfaceOrientationPortrait UIInterfaceOrientationPortraitUpsideDown";
				INFOPLIST_KEY_UIUserInterfaceStyle = Light;
				IPHONEOS_DEPLOYMENT_TARGET = 17.0;
				LD_RUNPATH_SEARCH_PATHS = (
					"$(inherited)",
					"@executable_path/Frameworks",
				);
				MARKETING_VERSION = 1.4.1;
				OTHER_LDFLAGS = "-ObjC";
				PRODUCT_BUNDLE_IDENTIFIER = com.FiveNorms.FiveNorms;
				PRODUCT_NAME = "$(TARGET_NAME)";
				SUPPORTED_PLATFORMS = "iphoneos iphonesimulator";
				SUPPORTS_MACCATALYST = NO;
				SUPPORTS_MAC_DESIGNED_FOR_IPHONE_IPAD = NO;
				SUPPORTS_XR_DESIGNED_FOR_IPHONE_IPAD = NO;
				SWIFT_EMIT_LOC_STRINGS = YES;
				SWIFT_VERSION = 5.0;
				TARGETED_DEVICE_FAMILY = 1;
			};
			name = Debug;
		};
		26890BA12CAE811D008DFF49 /* Release */ = {
			isa = XCBuildConfiguration;
			buildSettings = {
				ASSETCATALOG_COMPILER_APPICON_NAME = AppIcon;
				ASSETCATALOG_COMPILER_GLOBAL_ACCENT_COLOR_NAME = AccentColor;
				CODE_SIGN_STYLE = Automatic;
				CURRENT_PROJECT_VERSION = 1;
				DEBUG_INFORMATION_FORMAT = "dwarf-with-dsym";
				DEVELOPMENT_ASSET_PATHS = "\"FiveGuyes/Preview Content\"";
				DEVELOPMENT_TEAM = "";
				ENABLE_PREVIEWS = YES;
				GENERATE_INFOPLIST_FILE = YES;
				INFOPLIST_FILE = FiveGuyes/Info.plist;
				INFOPLIST_KEY_CFBundleDisplayName = "한입독서";
				INFOPLIST_KEY_LSApplicationCategoryType = "public.app-category.books";
				INFOPLIST_KEY_NSUserTrackingUsageDescription = "사용자에게 맞춤 서비스를 제공하기 위해 사용되며, 서비스 이외에 목적으로는 절대 사용되지 않습니다.";
				INFOPLIST_KEY_UIApplicationSceneManifest_Generation = YES;
				INFOPLIST_KEY_UIApplicationSupportsIndirectInputEvents = YES;
				INFOPLIST_KEY_UILaunchScreen_Generation = YES;
				INFOPLIST_KEY_UISupportedInterfaceOrientations = UIInterfaceOrientationPortrait;
				INFOPLIST_KEY_UISupportedInterfaceOrientations_iPad = "UIInterfaceOrientationLandscapeLeft UIInterfaceOrientationLandscapeRight UIInterfaceOrientationPortrait UIInterfaceOrientationPortraitUpsideDown";
				INFOPLIST_KEY_UIUserInterfaceStyle = Light;
				IPHONEOS_DEPLOYMENT_TARGET = 17.0;
				LD_RUNPATH_SEARCH_PATHS = (
					"$(inherited)",
					"@executable_path/Frameworks",
				);
				MARKETING_VERSION = 1.4.1;
				OTHER_LDFLAGS = "-ObjC";
				PRODUCT_BUNDLE_IDENTIFIER = com.FiveNorms.FiveNorms;
				PRODUCT_NAME = "$(TARGET_NAME)";
				SUPPORTED_PLATFORMS = "iphoneos iphonesimulator";
				SUPPORTS_MACCATALYST = NO;
				SUPPORTS_MAC_DESIGNED_FOR_IPHONE_IPAD = NO;
				SUPPORTS_XR_DESIGNED_FOR_IPHONE_IPAD = NO;
				SWIFT_EMIT_LOC_STRINGS = YES;
				SWIFT_VERSION = 5.0;
				TARGETED_DEVICE_FAMILY = 1;
			};
			name = Release;
		};
		26CF82662D1D4D4D005037E4 /* Debug */ = {
			isa = XCBuildConfiguration;
			buildSettings = {
				BUNDLE_LOADER = "$(TEST_HOST)";
				CODE_SIGN_STYLE = Automatic;
				CURRENT_PROJECT_VERSION = 1;
				DEVELOPMENT_TEAM = LYC8XX4ZNC;
				GENERATE_INFOPLIST_FILE = YES;
				IPHONEOS_DEPLOYMENT_TARGET = 17.0;
				MACOSX_DEPLOYMENT_TARGET = 15.2;
				MARKETING_VERSION = 1.0;
				PRODUCT_BUNDLE_IDENTIFIER = com.FiveGuyes.ReadingDateCalculatorTests;
				PRODUCT_NAME = "$(TARGET_NAME)";
				SDKROOT = auto;
				SUPPORTED_PLATFORMS = "iphoneos iphonesimulator";
				SUPPORTS_MACCATALYST = NO;
				SWIFT_EMIT_LOC_STRINGS = NO;
				SWIFT_VERSION = 5.0;
				TARGETED_DEVICE_FAMILY = 1;
				TEST_HOST = "$(BUILT_PRODUCTS_DIR)/FiveGuyes.app/$(BUNDLE_EXECUTABLE_FOLDER_PATH)/FiveGuyes";
				XROS_DEPLOYMENT_TARGET = 2.2;
			};
			name = Debug;
		};
		26CF82672D1D4D4D005037E4 /* Release */ = {
			isa = XCBuildConfiguration;
			buildSettings = {
				BUNDLE_LOADER = "$(TEST_HOST)";
				CODE_SIGN_STYLE = Automatic;
				CURRENT_PROJECT_VERSION = 1;
				DEVELOPMENT_TEAM = LYC8XX4ZNC;
				GENERATE_INFOPLIST_FILE = YES;
				IPHONEOS_DEPLOYMENT_TARGET = 17.0;
				MACOSX_DEPLOYMENT_TARGET = 15.2;
				MARKETING_VERSION = 1.0;
				PRODUCT_BUNDLE_IDENTIFIER = com.FiveGuyes.ReadingDateCalculatorTests;
				PRODUCT_NAME = "$(TARGET_NAME)";
				SDKROOT = auto;
				SUPPORTED_PLATFORMS = "iphoneos iphonesimulator";
				SUPPORTS_MACCATALYST = NO;
				SWIFT_EMIT_LOC_STRINGS = NO;
				SWIFT_VERSION = 5.0;
				TARGETED_DEVICE_FAMILY = 1;
				TEST_HOST = "$(BUILT_PRODUCTS_DIR)/FiveGuyes.app/$(BUNDLE_EXECUTABLE_FOLDER_PATH)/FiveGuyes";
				XROS_DEPLOYMENT_TARGET = 2.2;
			};
			name = Release;
		};
/* End XCBuildConfiguration section */

/* Begin XCConfigurationList section */
		26890B8C2CAE811A008DFF49 /* Build configuration list for PBXProject "FiveGuyes" */ = {
			isa = XCConfigurationList;
			buildConfigurations = (
				26890B9D2CAE811D008DFF49 /* Debug */,
				26890B9E2CAE811D008DFF49 /* Release */,
			);
			defaultConfigurationIsVisible = 0;
			defaultConfigurationName = Release;
		};
		26890B9F2CAE811D008DFF49 /* Build configuration list for PBXNativeTarget "FiveGuyes" */ = {
			isa = XCConfigurationList;
			buildConfigurations = (
				26890BA02CAE811D008DFF49 /* Debug */,
				26890BA12CAE811D008DFF49 /* Release */,
			);
			defaultConfigurationIsVisible = 0;
			defaultConfigurationName = Release;
		};
		26CF82652D1D4D4D005037E4 /* Build configuration list for PBXNativeTarget "ReadingDateCalculatorTests" */ = {
			isa = XCConfigurationList;
			buildConfigurations = (
				26CF82662D1D4D4D005037E4 /* Debug */,
				26CF82672D1D4D4D005037E4 /* Release */,
			);
			defaultConfigurationIsVisible = 0;
			defaultConfigurationName = Release;
		};
/* End XCConfigurationList section */

/* Begin XCRemoteSwiftPackageReference section */
		26890BB92CAE9843008DFF49 /* XCRemoteSwiftPackageReference "SwiftLintPlugins" */ = {
			isa = XCRemoteSwiftPackageReference;
			repositoryURL = "https://github.com/SimplyDanny/SwiftLintPlugins";
			requirement = {
				kind = upToNextMajorVersion;
				minimumVersion = 0.57.0;
			};
		};
		26EBDEA62CF1C5C900B3A2BC /* XCRemoteSwiftPackageReference "firebase-ios-sdk" */ = {
			isa = XCRemoteSwiftPackageReference;
			repositoryURL = "https://github.com/firebase/firebase-ios-sdk";
			requirement = {
				kind = upToNextMajorVersion;
				minimumVersion = 11.5.0;
			};
		};
/* End XCRemoteSwiftPackageReference section */

/* Begin XCSwiftPackageProductDependency section */
		26890BBA2CAE9896008DFF49 /* SwiftLintBuildToolPlugin */ = {
			isa = XCSwiftPackageProductDependency;
			package = 26890BB92CAE9843008DFF49 /* XCRemoteSwiftPackageReference "SwiftLintPlugins" */;
			productName = "plugin:SwiftLintBuildToolPlugin";
		};
		26EBDEA72CF1C5C900B3A2BC /* FirebaseAnalytics */ = {
			isa = XCSwiftPackageProductDependency;
			package = 26EBDEA62CF1C5C900B3A2BC /* XCRemoteSwiftPackageReference "firebase-ios-sdk" */;
			productName = FirebaseAnalytics;
		};
		26EBDEA92CF1C5C900B3A2BC /* FirebaseCrashlytics */ = {
			isa = XCSwiftPackageProductDependency;
			package = 26EBDEA62CF1C5C900B3A2BC /* XCRemoteSwiftPackageReference "firebase-ios-sdk" */;
			productName = FirebaseCrashlytics;
		};
		26EBDEAB2CF1C5C900B3A2BC /* FirebaseDynamicLinks */ = {
			isa = XCSwiftPackageProductDependency;
			package = 26EBDEA62CF1C5C900B3A2BC /* XCRemoteSwiftPackageReference "firebase-ios-sdk" */;
			productName = FirebaseDynamicLinks;
		};
		26EBDEAD2CF1C5C900B3A2BC /* FirebaseInAppMessaging-Beta */ = {
			isa = XCSwiftPackageProductDependency;
			package = 26EBDEA62CF1C5C900B3A2BC /* XCRemoteSwiftPackageReference "firebase-ios-sdk" */;
			productName = "FirebaseInAppMessaging-Beta";
		};
		26EBDEAF2CF1C5C900B3A2BC /* FirebaseMessaging */ = {
			isa = XCSwiftPackageProductDependency;
			package = 26EBDEA62CF1C5C900B3A2BC /* XCRemoteSwiftPackageReference "firebase-ios-sdk" */;
			productName = FirebaseMessaging;
		};
		26EBDEB12CF1C5C900B3A2BC /* FirebaseRemoteConfig */ = {
			isa = XCSwiftPackageProductDependency;
			package = 26EBDEA62CF1C5C900B3A2BC /* XCRemoteSwiftPackageReference "firebase-ios-sdk" */;
			productName = FirebaseRemoteConfig;
		};
/* End XCSwiftPackageProductDependency section */
	};
	rootObject = 26890B892CAE811A008DFF49 /* Project object */;
}
