// !$*UTF8*$!
{
	archiveVersion = 1;
	classes = {
	};
	objectVersion = 70;
	objects = {

/* Begin PBXBuildFile section */
		2621EE212ED468E400CC5D72 /* .swiftlint.yml in Resources */ = {isa = PBXBuildFile; fileRef = 2621EE202ED468E400CC5D72 /* .swiftlint.yml */; };
		26EBDEA82CF1C5C900B3A2BC /* FirebaseAnalytics in Frameworks */ = {isa = PBXBuildFile; productRef = 26EBDEA72CF1C5C900B3A2BC /* FirebaseAnalytics */; };
		26EBDEAA2CF1C5C900B3A2BC /* FirebaseCrashlytics in Frameworks */ = {isa = PBXBuildFile; productRef = 26EBDEA92CF1C5C900B3A2BC /* FirebaseCrashlytics */; };
		26EBDEAC2CF1C5C900B3A2BC /* FirebaseDynamicLinks in Frameworks */ = {isa = PBXBuildFile; productRef = 26EBDEAB2CF1C5C900B3A2BC /* FirebaseDynamicLinks */; };
		26EBDEAE2CF1C5C900B3A2BC /* FirebaseInAppMessaging-Beta in Frameworks */ = {isa = PBXBuildFile; productRef = 26EBDEAD2CF1C5C900B3A2BC /* FirebaseInAppMessaging-Beta */; };
		26EBDEB02CF1C5C900B3A2BC /* FirebaseMessaging in Frameworks */ = {isa = PBXBuildFile; productRef = 26EBDEAF2CF1C5C900B3A2BC /* FirebaseMessaging */; };
		26EBDEB22CF1C5C900B3A2BC /* FirebaseRemoteConfig in Frameworks */ = {isa = PBXBuildFile; productRef = 26EBDEB12CF1C5C900B3A2BC /* FirebaseRemoteConfig */; };
/* End PBXBuildFile section */

/* Begin PBXContainerItemProxy section */
		2621F1572ED495A800CC5D72 /* PBXContainerItemProxy */ = {
			isa = PBXContainerItemProxy;
			containerPortal = 26890B892CAE811A008DFF49 /* Project object */;
			proxyType = 1;
			remoteGlobalIDString = 26890B902CAE811A008DFF49;
			remoteInfo = FiveGuyes;
		};
/* End PBXContainerItemProxy section */

/* Begin PBXFileReference section */
		24F8A2162CEB290B00A01A76 /* Config.xcconfig */ = {isa = PBXFileReference; lastKnownFileType = text.xcconfig; path = Config.xcconfig; sourceTree = "<group>"; };
		2621EE202ED468E400CC5D72 /* .swiftlint.yml */ = {isa = PBXFileReference; lastKnownFileType = text.yaml; path = .swiftlint.yml; sourceTree = "<group>"; };
		2621F1532ED495A800CC5D72 /* FiveGuyesTests.xctest */ = {isa = PBXFileReference; explicitFileType = wrapper.cfbundle; includeInIndex = 0; path = FiveGuyesTests.xctest; sourceTree = BUILT_PRODUCTS_DIR; };
		26890B912CAE811A008DFF49 /* FiveGuyes.app */ = {isa = PBXFileReference; explicitFileType = wrapper.application; includeInIndex = 0; path = FiveGuyes.app; sourceTree = BUILT_PRODUCTS_DIR; };
/* End PBXFileReference section */

/* Begin PBXFileSystemSynchronizedBuildFileExceptionSet section */
		2621F1482ED46BCE00CC5D72 /* PBXFileSystemSynchronizedBuildFileExceptionSet */ = {
			isa = PBXFileSystemSynchronizedBuildFileExceptionSet;
			membershipExceptions = (
				Info.plist,
			);
			target = 26890B902CAE811A008DFF49 /* FiveGuyes */;
		};
/* End PBXFileSystemSynchronizedBuildFileExceptionSet section */

/* Begin PBXFileSystemSynchronizedRootGroup section */
		2621F0EF2ED46BCE00CC5D72 /* FiveGuyes */ = {isa = PBXFileSystemSynchronizedRootGroup; exceptions = (2621F1482ED46BCE00CC5D72 /* PBXFileSystemSynchronizedBuildFileExceptionSet */, ); explicitFileTypes = {}; explicitFolders = (); path = FiveGuyes; sourceTree = "<group>"; };
		2621F1542ED495A800CC5D72 /* FiveGuyesTests */ = {isa = PBXFileSystemSynchronizedRootGroup; explicitFileTypes = {}; explicitFolders = (); path = FiveGuyesTests; sourceTree = "<group>"; };
/* End PBXFileSystemSynchronizedRootGroup section */

/* Begin PBXFrameworksBuildPhase section */
		2621F1502ED495A800CC5D72 /* Frameworks */ = {
			isa = PBXFrameworksBuildPhase;
			buildActionMask = 2147483647;
			files = (
			);
			runOnlyForDeploymentPostprocessing = 0;
		};
		26890B8E2CAE811A008DFF49 /* Frameworks */ = {
			isa = PBXFrameworksBuildPhase;
			buildActionMask = 2147483647;
			files = (
				26EBDEA82CF1C5C900B3A2BC /* FirebaseAnalytics in Frameworks */,
				26EBDEAA2CF1C5C900B3A2BC /* FirebaseCrashlytics in Frameworks */,
				26EBDEB02CF1C5C900B3A2BC /* FirebaseMessaging in Frameworks */,
				26EBDEB22CF1C5C900B3A2BC /* FirebaseRemoteConfig in Frameworks */,
				26EBDEAC2CF1C5C900B3A2BC /* FirebaseDynamicLinks in Frameworks */,
				26EBDEAE2CF1C5C900B3A2BC /* FirebaseInAppMessaging-Beta in Frameworks */,
			);
			runOnlyForDeploymentPostprocessing = 0;
		};
/* End PBXFrameworksBuildPhase section */

/* Begin PBXGroup section */
		26890B882CAE811A008DFF49 = {
			isa = PBXGroup;
			children = (
				2621EE202ED468E400CC5D72 /* .swiftlint.yml */,
				24F8A2162CEB290B00A01A76 /* Config.xcconfig */,
				2621F0EF2ED46BCE00CC5D72 /* FiveGuyes */,
				2621F1542ED495A800CC5D72 /* FiveGuyesTests */,
				26890B922CAE811A008DFF49 /* Products */,
				26EBDE2D2CE3307C00B3A2BC /* Recovered References */,
			);
			sourceTree = "<group>";
		};
		26890B922CAE811A008DFF49 /* Products */ = {
			isa = PBXGroup;
			children = (
				26890B912CAE811A008DFF49 /* FiveGuyes.app */,
				2621F1532ED495A800CC5D72 /* FiveGuyesTests.xctest */,
			);
			name = Products;
			sourceTree = "<group>";
		};
		26EBDE2D2CE3307C00B3A2BC /* Recovered References */ = {
			isa = PBXGroup;
			children = (
			);
			name = "Recovered References";
			sourceTree = "<group>";
		};
/* End PBXGroup section */

/* Begin PBXNativeTarget section */
		2621F1522ED495A800CC5D72 /* FiveGuyesTests */ = {
			isa = PBXNativeTarget;
			buildConfigurationList = 2621F1592ED495A800CC5D72 /* Build configuration list for PBXNativeTarget "FiveGuyesTests" */;
			buildPhases = (
				2621F14F2ED495A800CC5D72 /* Sources */,
				2621F1502ED495A800CC5D72 /* Frameworks */,
				2621F1512ED495A800CC5D72 /* Resources */,
			);
			buildRules = (
			);
			dependencies = (
				2621F1582ED495A800CC5D72 /* PBXTargetDependency */,
			);
			fileSystemSynchronizedGroups = (
				2621F1542ED495A800CC5D72 /* FiveGuyesTests */,
			);
			name = FiveGuyesTests;
			packageProductDependencies = (
			);
			productName = FiveGuyesTests;
			productReference = 2621F1532ED495A800CC5D72 /* FiveGuyesTests.xctest */;
			productType = "com.apple.product-type.bundle.unit-test";
		};
		26890B902CAE811A008DFF49 /* FiveGuyes */ = {
			isa = PBXNativeTarget;
			buildConfigurationList = 26890B9F2CAE811D008DFF49 /* Build configuration list for PBXNativeTarget "FiveGuyes" */;
			buildPhases = (
				26890B8D2CAE811A008DFF49 /* Sources */,
				26890B8E2CAE811A008DFF49 /* Frameworks */,
				26890B8F2CAE811A008DFF49 /* Resources */,
				264443F02D12B92D009422BA /* ShellScript */,
			);
			buildRules = (
			);
			dependencies = (
				26890BBB2CAE9896008DFF49 /* PBXTargetDependency */,
			);
			fileSystemSynchronizedGroups = (
				2621F0EF2ED46BCE00CC5D72 /* FiveGuyes */,
			);
			name = FiveGuyes;
			packageProductDependencies = (
				26EBDEA72CF1C5C900B3A2BC /* FirebaseAnalytics */,
				26EBDEA92CF1C5C900B3A2BC /* FirebaseCrashlytics */,
				26EBDEAB2CF1C5C900B3A2BC /* FirebaseDynamicLinks */,
				26EBDEAD2CF1C5C900B3A2BC /* FirebaseInAppMessaging-Beta */,
				26EBDEAF2CF1C5C900B3A2BC /* FirebaseMessaging */,
				26EBDEB12CF1C5C900B3A2BC /* FirebaseRemoteConfig */,
			);
			productName = FiveGuyes;
			productReference = 26890B912CAE811A008DFF49 /* FiveGuyes.app */;
			productType = "com.apple.product-type.application";
		};
/* End PBXNativeTarget section */

/* Begin PBXProject section */
		26890B892CAE811A008DFF49 /* Project object */ = {
			isa = PBXProject;
			attributes = {
				BuildIndependentTargetsInParallel = 1;
				LastSwiftUpdateCheck = 2600;
				LastUpgradeCheck = 2600;
				TargetAttributes = {
					2621F1522ED495A800CC5D72 = {
						CreatedOnToolsVersion = 26.0.1;
						TestTargetID = 26890B902CAE811A008DFF49;
					};
					26890B902CAE811A008DFF49 = {
						CreatedOnToolsVersion = 15.2;
					};
				};
			};
			buildConfigurationList = 26890B8C2CAE811A008DFF49 /* Build configuration list for PBXProject "FiveGuyes" */;
			compatibilityVersion = "Xcode 14.0";
			developmentRegion = ko;
			hasScannedForEncodings = 0;
			knownRegions = (
				Base,
				ko,
			);
			mainGroup = 26890B882CAE811A008DFF49;
			packageReferences = (
				26890BB92CAE9843008DFF49 /* XCRemoteSwiftPackageReference "SwiftLintPlugins" */,
				26EBDEA62CF1C5C900B3A2BC /* XCRemoteSwiftPackageReference "firebase-ios-sdk" */,
			);
			productRefGroup = 26890B922CAE811A008DFF49 /* Products */;
			projectDirPath = "";
			projectRoot = "";
			targets = (
				26890B902CAE811A008DFF49 /* FiveGuyes */,
				2621F1522ED495A800CC5D72 /* FiveGuyesTests */,
			);
		};
/* End PBXProject section */

/* Begin PBXResourcesBuildPhase section */
		2621F1512ED495A800CC5D72 /* Resources */ = {
			isa = PBXResourcesBuildPhase;
			buildActionMask = 2147483647;
			files = (
			);
			runOnlyForDeploymentPostprocessing = 0;
		};
		26890B8F2CAE811A008DFF49 /* Resources */ = {
			isa = PBXResourcesBuildPhase;
			buildActionMask = 2147483647;
			files = (
				2621EE212ED468E400CC5D72 /* .swiftlint.yml in Resources */,
			);
			runOnlyForDeploymentPostprocessing = 0;
		};
/* End PBXResourcesBuildPhase section */

/* Begin PBXShellScriptBuildPhase section */
		264443F02D12B92D009422BA /* ShellScript */ = {
			isa = PBXShellScriptBuildPhase;
			buildActionMask = 2147483647;
			files = (
			);
			inputFileListPaths = (
			);
			inputPaths = (
				"${DWARF_DSYM_FOLDER_PATH}/${DWARF_DSYM_FILE_NAME}",
				"${DWARF_DSYM_FOLDER_PATH}/${DWARF_DSYM_FILE_NAME}/Contents/Resources/DWARF/${PRODUCT_NAME}",
				"${DWARF_DSYM_FOLDER_PATH}/${DWARF_DSYM_FILE_NAME}/Contents/Info.plist",
				"$(TARGET_BUILD_DIR)/$(UNLOCALIZED_RESOURCES_FOLDER_PATH)/GoogleService-Info.plist",
				"$(TARGET_BUILD_DIR)/$(EXECUTABLE_PATH)",
			);
			outputFileListPaths = (
			);
			outputPaths = (
			);
			runOnlyForDeploymentPostprocessing = 0;
			shellPath = /bin/sh;
			shellScript = "\"${BUILD_DIR%/Build/*}/SourcePackages/checkouts/firebase-ios-sdk/Crashlytics/run\"\n";
		};
/* End PBXShellScriptBuildPhase section */

/* Begin PBXSourcesBuildPhase section */
		2621F14F2ED495A800CC5D72 /* Sources */ = {
			isa = PBXSourcesBuildPhase;
			buildActionMask = 2147483647;
			files = (
			);
			runOnlyForDeploymentPostprocessing = 0;
		};
		26890B8D2CAE811A008DFF49 /* Sources */ = {
			isa = PBXSourcesBuildPhase;
			buildActionMask = 2147483647;
			files = (
			);
			runOnlyForDeploymentPostprocessing = 0;
		};
/* End PBXSourcesBuildPhase section */

/* Begin PBXTargetDependency section */
		2621F1582ED495A800CC5D72 /* PBXTargetDependency */ = {
			isa = PBXTargetDependency;
			target = 26890B902CAE811A008DFF49 /* FiveGuyes */;
			targetProxy = 2621F1572ED495A800CC5D72 /* PBXContainerItemProxy */;
		};
		26890BBB2CAE9896008DFF49 /* PBXTargetDependency */ = {
			isa = PBXTargetDependency;
			productRef = 26890BBA2CAE9896008DFF49 /* SwiftLintBuildToolPlugin */;
		};
/* End PBXTargetDependency section */

/* Begin XCBuildConfiguration section */
		2621F15A2ED495A800CC5D72 /* Debug */ = {
			isa = XCBuildConfiguration;
			buildSettings = {
				BUNDLE_LOADER = "$(TEST_HOST)";
				CODE_SIGN_STYLE = Automatic;
				CURRENT_PROJECT_VERSION = 1;
				DEVELOPMENT_TEAM = LYC8XX4ZNC;
				GENERATE_INFOPLIST_FILE = YES;
				IPHONEOS_DEPLOYMENT_TARGET = 26.0;
				MARKETING_VERSION = 1.0;
				PRODUCT_BUNDLE_IDENTIFIER = com.zaehorang.FiveGuyesTests;
				PRODUCT_NAME = "$(TARGET_NAME)";
				STRING_CATALOG_GENERATE_SYMBOLS = NO;
				SWIFT_APPROACHABLE_CONCURRENCY = YES;
				SWIFT_EMIT_LOC_STRINGS = NO;
				SWIFT_UPCOMING_FEATURE_MEMBER_IMPORT_VISIBILITY = YES;
				SWIFT_VERSION = 5.0;
				TARGETED_DEVICE_FAMILY = "1,2";
				TEST_HOST = "$(BUILT_PRODUCTS_DIR)/FiveGuyes.app/$(BUNDLE_EXECUTABLE_FOLDER_PATH)/FiveGuyes";
			};
			name = Debug;
		};
		2621F15B2ED495A800CC5D72 /* Release */ = {
			isa = XCBuildConfiguration;
			buildSettings = {
				BUNDLE_LOADER = "$(TEST_HOST)";
				CODE_SIGN_STYLE = Automatic;
				CURRENT_PROJECT_VERSION = 1;
				DEVELOPMENT_TEAM = LYC8XX4ZNC;
				GENERATE_INFOPLIST_FILE = YES;
				IPHONEOS_DEPLOYMENT_TARGET = 26.0;
				MARKETING_VERSION = 1.0;
				PRODUCT_BUNDLE_IDENTIFIER = com.zaehorang.FiveGuyesTests;
				PRODUCT_NAME = "$(TARGET_NAME)";
				STRING_CATALOG_GENERATE_SYMBOLS = NO;
				SWIFT_APPROACHABLE_CONCURRENCY = YES;
				SWIFT_EMIT_LOC_STRINGS = NO;
				SWIFT_UPCOMING_FEATURE_MEMBER_IMPORT_VISIBILITY = YES;
				SWIFT_VERSION = 5.0;
				TARGETED_DEVICE_FAMILY = "1,2";
				TEST_HOST = "$(BUILT_PRODUCTS_DIR)/FiveGuyes.app/$(BUNDLE_EXECUTABLE_FOLDER_PATH)/FiveGuyes";
			};
			name = Release;
		};
		26890B9D2CAE811D008DFF49 /* Debug */ = {
			isa = XCBuildConfiguration;
			baseConfigurationReference = 24F8A2162CEB290B00A01A76 /* Config.xcconfig */;
			buildSettings = {
				ALWAYS_SEARCH_USER_PATHS = NO;
				ASSETCATALOG_COMPILER_GENERATE_SWIFT_ASSET_SYMBOL_EXTENSIONS = YES;
				CLANG_ANALYZER_NONNULL = YES;
				CLANG_ANALYZER_NUMBER_OBJECT_CONVERSION = YES_AGGRESSIVE;
				CLANG_CXX_LANGUAGE_STANDARD = "gnu++20";
				CLANG_ENABLE_MODULES = YES;
				CLANG_ENABLE_OBJC_ARC = YES;
				CLANG_ENABLE_OBJC_WEAK = YES;
				CLANG_WARN_BLOCK_CAPTURE_AUTORELEASING = YES;
				CLANG_WARN_BOOL_CONVERSION = YES;
				CLANG_WARN_COMMA = YES;
				CLANG_WARN_CONSTANT_CONVERSION = YES;
				CLANG_WARN_DEPRECATED_OBJC_IMPLEMENTATIONS = YES;
				CLANG_WARN_DIRECT_OBJC_ISA_USAGE = YES_ERROR;
				CLANG_WARN_DOCUMENTATION_COMMENTS = YES;
				CLANG_WARN_EMPTY_BODY = YES;
				CLANG_WARN_ENUM_CONVERSION = YES;
				CLANG_WARN_INFINITE_RECURSION = YES;
				CLANG_WARN_INT_CONVERSION = YES;
				CLANG_WARN_NON_LITERAL_NULL_CONVERSION = YES;
				CLANG_WARN_OBJC_IMPLICIT_RETAIN_SELF = YES;
				CLANG_WARN_OBJC_LITERAL_CONVERSION = YES;
				CLANG_WARN_OBJC_ROOT_CLASS = YES_ERROR;
				CLANG_WARN_QUOTED_INCLUDE_IN_FRAMEWORK_HEADER = YES;
				CLANG_WARN_RANGE_LOOP_ANALYSIS = YES;
				CLANG_WARN_STRICT_PROTOTYPES = YES;
				CLANG_WARN_SUSPICIOUS_MOVE = YES;
				CLANG_WARN_UNGUARDED_AVAILABILITY = YES_AGGRESSIVE;
				CLANG_WARN_UNREACHABLE_CODE = YES;
				CLANG_WARN__DUPLICATE_METHOD_MATCH = YES;
				COPY_PHASE_STRIP = NO;
				DEBUG_INFORMATION_FORMAT = dwarf;
				DEVELOPMENT_TEAM = LYC8XX4ZNC;
				ENABLE_STRICT_OBJC_MSGSEND = YES;
				ENABLE_TESTABILITY = YES;
				ENABLE_USER_SCRIPT_SANDBOXING = YES;
				GCC_C_LANGUAGE_STANDARD = gnu17;
				GCC_DYNAMIC_NO_PIC = NO;
				GCC_NO_COMMON_BLOCKS = YES;
				GCC_OPTIMIZATION_LEVEL = 0;
				GCC_PREPROCESSOR_DEFINITIONS = (
					"DEBUG=1",
					"$(inherited)",
				);
				GCC_WARN_64_TO_32_BIT_CONVERSION = YES;
				GCC_WARN_ABOUT_RETURN_TYPE = YES_ERROR;
				GCC_WARN_UNDECLARED_SELECTOR = YES;
				GCC_WARN_UNINITIALIZED_AUTOS = YES_AGGRESSIVE;
				GCC_WARN_UNUSED_FUNCTION = YES;
				GCC_WARN_UNUSED_VARIABLE = YES;
				IPHONEOS_DEPLOYMENT_TARGET = 17.0;
				LOCALIZATION_PREFERS_STRING_CATALOGS = YES;
				MTL_ENABLE_DEBUG_INFO = INCLUDE_SOURCE;
				MTL_FAST_MATH = YES;
				ONLY_ACTIVE_ARCH = YES;
				OTHER_LDFLAGS = "";
				SDKROOT = iphoneos;
				STRING_CATALOG_GENERATE_SYMBOLS = YES;
				SWIFT_ACTIVE_COMPILATION_CONDITIONS = "DEBUG $(inherited)";
				SWIFT_OPTIMIZATION_LEVEL = "-Onone";
			};
			name = Debug;
		};
		26890B9E2CAE811D008DFF49 /* Release */ = {
			isa = XCBuildConfiguration;
			baseConfigurationReference = 24F8A2162CEB290B00A01A76 /* Config.xcconfig */;
			buildSettings = {
				ALWAYS_SEARCH_USER_PATHS = NO;
				ASSETCATALOG_COMPILER_GENERATE_SWIFT_ASSET_SYMBOL_EXTENSIONS = YES;
				CLANG_ANALYZER_NONNULL = YES;
				CLANG_ANALYZER_NUMBER_OBJECT_CONVERSION = YES_AGGRESSIVE;
				CLANG_CXX_LANGUAGE_STANDARD = "gnu++20";
				CLANG_ENABLE_MODULES = YES;
				CLANG_ENABLE_OBJC_ARC = YES;
				CLANG_ENABLE_OBJC_WEAK = YES;
				CLANG_WARN_BLOCK_CAPTURE_AUTORELEASING = YES;
				CLANG_WARN_BOOL_CONVERSION = YES;
				CLANG_WARN_COMMA = YES;
				CLANG_WARN_CONSTANT_CONVERSION = YES;
				CLANG_WARN_DEPRECATED_OBJC_IMPLEMENTATIONS = YES;
				CLANG_WARN_DIRECT_OBJC_ISA_USAGE = YES_ERROR;
				CLANG_WARN_DOCUMENTATION_COMMENTS = YES;
				CLANG_WARN_EMPTY_BODY = YES;
				CLANG_WARN_ENUM_CONVERSION = YES;
				CLANG_WARN_INFINITE_RECURSION = YES;
				CLANG_WARN_INT_CONVERSION = YES;
				CLANG_WARN_NON_LITERAL_NULL_CONVERSION = YES;
				CLANG_WARN_OBJC_IMPLICIT_RETAIN_SELF = YES;
				CLANG_WARN_OBJC_LITERAL_CONVERSION = YES;
				CLANG_WARN_OBJC_ROOT_CLASS = YES_ERROR;
				CLANG_WARN_QUOTED_INCLUDE_IN_FRAMEWORK_HEADER = YES;
				CLANG_WARN_RANGE_LOOP_ANALYSIS = YES;
				CLANG_WARN_STRICT_PROTOTYPES = YES;
				CLANG_WARN_SUSPICIOUS_MOVE = YES;
				CLANG_WARN_UNGUARDED_AVAILABILITY = YES_AGGRESSIVE;
				CLANG_WARN_UNREACHABLE_CODE = YES;
				CLANG_WARN__DUPLICATE_METHOD_MATCH = YES;
				COPY_PHASE_STRIP = NO;
				DEBUG_INFORMATION_FORMAT = "dwarf-with-dsym";
				DEVELOPMENT_TEAM = LYC8XX4ZNC;
				ENABLE_NS_ASSERTIONS = NO;
				ENABLE_STRICT_OBJC_MSGSEND = YES;
				ENABLE_USER_SCRIPT_SANDBOXING = YES;
				GCC_C_LANGUAGE_STANDARD = gnu17;
				GCC_NO_COMMON_BLOCKS = YES;
				GCC_WARN_64_TO_32_BIT_CONVERSION = YES;
				GCC_WARN_ABOUT_RETURN_TYPE = YES_ERROR;
				GCC_WARN_UNDECLARED_SELECTOR = YES;
				GCC_WARN_UNINITIALIZED_AUTOS = YES_AGGRESSIVE;
				GCC_WARN_UNUSED_FUNCTION = YES;
				GCC_WARN_UNUSED_VARIABLE = YES;
				IPHONEOS_DEPLOYMENT_TARGET = 17.0;
				LOCALIZATION_PREFERS_STRING_CATALOGS = YES;
				MTL_ENABLE_DEBUG_INFO = NO;
				MTL_FAST_MATH = YES;
				ONLY_ACTIVE_ARCH = NO;
				OTHER_LDFLAGS = "";
				SDKROOT = iphoneos;
				STRING_CATALOG_GENERATE_SYMBOLS = YES;
				SWIFT_COMPILATION_MODE = wholemodule;
				VALIDATE_PRODUCT = YES;
			};
			name = Release;
		};
		26890BA02CAE811D008DFF49 /* Debug */ = {
			isa = XCBuildConfiguration;
			buildSettings = {
				ASSETCATALOG_COMPILER_APPICON_NAME = AppIcon;
				ASSETCATALOG_COMPILER_GLOBAL_ACCENT_COLOR_NAME = AccentColor;
				CODE_SIGN_IDENTITY = "Apple Development";
				CODE_SIGN_STYLE = Automatic;
				CURRENT_PROJECT_VERSION = 1;
				DEBUG_INFORMATION_FORMAT = "dwarf-with-dsym";
				DEVELOPMENT_ASSET_PATHS = "\"FiveGuyes/Preview Content\"";
				DEVELOPMENT_TEAM = "";
				ENABLE_PREVIEWS = YES;
				GENERATE_INFOPLIST_FILE = YES;
				INFOPLIST_FILE = FiveGuyes/Info.plist;
				INFOPLIST_KEY_CFBundleDisplayName = "한입독서";
				INFOPLIST_KEY_LSApplicationCategoryType = "public.app-category.books";
				INFOPLIST_KEY_NSUserTrackingUsageDescription = "사용자에게 맞춤 서비스를 제공하기 위해 사용되며, 서비스 이외에 목적으로는 절대 사용되지 않습니다.";
				INFOPLIST_KEY_UIApplicationSceneManifest_Generation = YES;
				INFOPLIST_KEY_UIApplicationSupportsIndirectInputEvents = YES;
				INFOPLIST_KEY_UILaunchScreen_Generation = YES;
				INFOPLIST_KEY_UISupportedInterfaceOrientations = UIInterfaceOrientationPortrait;
				INFOPLIST_KEY_UISupportedInterfaceOrientations_iPad = "UIInterfaceOrientationLandscapeLeft UIInterfaceOrientationLandscapeRight UIInterfaceOrientationPortrait UIInterfaceOrientationPortraitUpsideDown";
				INFOPLIST_KEY_UIUserInterfaceStyle = Light;
				IPHONEOS_DEPLOYMENT_TARGET = 17.0;
				LD_RUNPATH_SEARCH_PATHS = (
					"$(inherited)",
					"@executable_path/Frameworks",
				);
				MARKETING_VERSION = 1.5.5;
				OTHER_LDFLAGS = "-ObjC";
				PRODUCT_BUNDLE_IDENTIFIER = com.FiveNorms.FiveNorms;
				PRODUCT_NAME = "$(TARGET_NAME)";
				PROVISIONING_PROFILE_SPECIFIER = "";
				SUPPORTED_PLATFORMS = "iphoneos iphonesimulator";
				SUPPORTS_MACCATALYST = NO;
				SUPPORTS_MAC_DESIGNED_FOR_IPHONE_IPAD = NO;
				SUPPORTS_XR_DESIGNED_FOR_IPHONE_IPAD = NO;
				SWIFT_EMIT_LOC_STRINGS = YES;
				SWIFT_VERSION = 5.0;
				TARGETED_DEVICE_FAMILY = 1;
			};
			name = Debug;
		};
		26890BA12CAE811D008DFF49 /* Release */ = {
			isa = XCBuildConfiguration;
			buildSettings = {
				ASSETCATALOG_COMPILER_APPICON_NAME = AppIcon;
				ASSETCATALOG_COMPILER_GLOBAL_ACCENT_COLOR_NAME = AccentColor;
				CODE_SIGN_IDENTITY = "Apple Development";
				CODE_SIGN_STYLE = Automatic;
				CURRENT_PROJECT_VERSION = 1;
				DEBUG_INFORMATION_FORMAT = "dwarf-with-dsym";
				DEVELOPMENT_ASSET_PATHS = "\"FiveGuyes/Preview Content\"";
				DEVELOPMENT_TEAM = "";
				ENABLE_PREVIEWS = YES;
				GENERATE_INFOPLIST_FILE = YES;
				INFOPLIST_FILE = FiveGuyes/Info.plist;
				INFOPLIST_KEY_CFBundleDisplayName = "한입독서";
				INFOPLIST_KEY_LSApplicationCategoryType = "public.app-category.books";
				INFOPLIST_KEY_NSUserTrackingUsageDescription = "사용자에게 맞춤 서비스를 제공하기 위해 사용되며, 서비스 이외에 목적으로는 절대 사용되지 않습니다.";
				INFOPLIST_KEY_UIApplicationSceneManifest_Generation = YES;
				INFOPLIST_KEY_UIApplicationSupportsIndirectInputEvents = YES;
				INFOPLIST_KEY_UILaunchScreen_Generation = YES;
				INFOPLIST_KEY_UISupportedInterfaceOrientations = UIInterfaceOrientationPortrait;
				INFOPLIST_KEY_UISupportedInterfaceOrientations_iPad = "UIInterfaceOrientationLandscapeLeft UIInterfaceOrientationLandscapeRight UIInterfaceOrientationPortrait UIInterfaceOrientationPortraitUpsideDown";
				INFOPLIST_KEY_UIUserInterfaceStyle = Light;
				IPHONEOS_DEPLOYMENT_TARGET = 17.0;
				LD_RUNPATH_SEARCH_PATHS = (
					"$(inherited)",
					"@executable_path/Frameworks",
				);
				MARKETING_VERSION = 1.5.5;
				OTHER_LDFLAGS = "-ObjC";
				PRODUCT_BUNDLE_IDENTIFIER = com.FiveNorms.FiveNorms;
				PRODUCT_NAME = "$(TARGET_NAME)";
				PROVISIONING_PROFILE_SPECIFIER = "";
				SUPPORTED_PLATFORMS = "iphoneos iphonesimulator";
				SUPPORTS_MACCATALYST = NO;
				SUPPORTS_MAC_DESIGNED_FOR_IPHONE_IPAD = NO;
				SUPPORTS_XR_DESIGNED_FOR_IPHONE_IPAD = NO;
				SWIFT_EMIT_LOC_STRINGS = YES;
				SWIFT_VERSION = 5.0;
				TARGETED_DEVICE_FAMILY = 1;
			};
			name = Release;
		};
/* End XCBuildConfiguration section */

/* Begin XCConfigurationList section */
		2621F1592ED495A800CC5D72 /* Build configuration list for PBXNativeTarget "FiveGuyesTests" */ = {
			isa = XCConfigurationList;
			buildConfigurations = (
				2621F15A2ED495A800CC5D72 /* Debug */,
				2621F15B2ED495A800CC5D72 /* Release */,
			);
			defaultConfigurationIsVisible = 0;
			defaultConfigurationName = Release;
		};
		26890B8C2CAE811A008DFF49 /* Build configuration list for PBXProject "FiveGuyes" */ = {
			isa = XCConfigurationList;
			buildConfigurations = (
				26890B9D2CAE811D008DFF49 /* Debug */,
				26890B9E2CAE811D008DFF49 /* Release */,
			);
			defaultConfigurationIsVisible = 0;
			defaultConfigurationName = Release;
		};
		26890B9F2CAE811D008DFF49 /* Build configuration list for PBXNativeTarget "FiveGuyes" */ = {
			isa = XCConfigurationList;
			buildConfigurations = (
				26890BA02CAE811D008DFF49 /* Debug */,
				26890BA12CAE811D008DFF49 /* Release */,
			);
			defaultConfigurationIsVisible = 0;
			defaultConfigurationName = Release;
		};
/* End XCConfigurationList section */

/* Begin XCRemoteSwiftPackageReference section */
		26890BB92CAE9843008DFF49 /* XCRemoteSwiftPackageReference "SwiftLintPlugins" */ = {
			isa = XCRemoteSwiftPackageReference;
			repositoryURL = "https://github.com/SimplyDanny/SwiftLintPlugins";
			requirement = {
				kind = upToNextMajorVersion;
				minimumVersion = 0.57.0;
			};
		};
		26EBDEA62CF1C5C900B3A2BC /* XCRemoteSwiftPackageReference "firebase-ios-sdk" */ = {
			isa = XCRemoteSwiftPackageReference;
			repositoryURL = "https://github.com/firebase/firebase-ios-sdk";
			requirement = {
				kind = upToNextMajorVersion;
				minimumVersion = 11.5.0;
			};
		};
/* End XCRemoteSwiftPackageReference section */

/* Begin XCSwiftPackageProductDependency section */
		26890BBA2CAE9896008DFF49 /* SwiftLintBuildToolPlugin */ = {
			isa = XCSwiftPackageProductDependency;
			package = 26890BB92CAE9843008DFF49 /* XCRemoteSwiftPackageReference "SwiftLintPlugins" */;
			productName = "plugin:SwiftLintBuildToolPlugin";
		};
		26EBDEA72CF1C5C900B3A2BC /* FirebaseAnalytics */ = {
			isa = XCSwiftPackageProductDependency;
			package = 26EBDEA62CF1C5C900B3A2BC /* XCRemoteSwiftPackageReference "firebase-ios-sdk" */;
			productName = FirebaseAnalytics;
		};
		26EBDEA92CF1C5C900B3A2BC /* FirebaseCrashlytics */ = {
			isa = XCSwiftPackageProductDependency;
			package = 26EBDEA62CF1C5C900B3A2BC /* XCRemoteSwiftPackageReference "firebase-ios-sdk" */;
			productName = FirebaseCrashlytics;
		};
		26EBDEAB2CF1C5C900B3A2BC /* FirebaseDynamicLinks */ = {
			isa = XCSwiftPackageProductDependency;
			package = 26EBDEA62CF1C5C900B3A2BC /* XCRemoteSwiftPackageReference "firebase-ios-sdk" */;
			productName = FirebaseDynamicLinks;
		};
		26EBDEAD2CF1C5C900B3A2BC /* FirebaseInAppMessaging-Beta */ = {
			isa = XCSwiftPackageProductDependency;
			package = 26EBDEA62CF1C5C900B3A2BC /* XCRemoteSwiftPackageReference "firebase-ios-sdk" */;
			productName = "FirebaseInAppMessaging-Beta";
		};
		26EBDEAF2CF1C5C900B3A2BC /* FirebaseMessaging */ = {
			isa = XCSwiftPackageProductDependency;
			package = 26EBDEA62CF1C5C900B3A2BC /* XCRemoteSwiftPackageReference "firebase-ios-sdk" */;
			productName = FirebaseMessaging;
		};
		26EBDEB12CF1C5C900B3A2BC /* FirebaseRemoteConfig */ = {
			isa = XCSwiftPackageProductDependency;
			package = 26EBDEA62CF1C5C900B3A2BC /* XCRemoteSwiftPackageReference "firebase-ios-sdk" */;
			productName = FirebaseRemoteConfig;
		};
/* End XCSwiftPackageProductDependency section */
	};
	rootObject = 26890B892CAE811A008DFF49 /* Project object */;
}
