// !$*UTF8*$!
{
	archiveVersion = 1;
	classes = {
	};
	objectVersion = 56;
	objects = {

/* Begin PBXBuildFile section */
		1A010EAC2CD8A7E500FBE3B3 /* APIBooksModel.swift in Sources */ = {isa = PBXBuildFile; fileRef = 1A010EAB2CD8A7E500FBE3B3 /* APIBooksModel.swift */; };
		1A010EAE2CD8A86E00FBE3B3 /* APIStore.swift in Sources */ = {isa = PBXBuildFile; fileRef = 1A010EAD2CD8A86E00FBE3B3 /* APIStore.swift */; };
		1A010EB62CD8AF9800FBE3B3 /* GetBookStore.swift in Sources */ = {isa = PBXBuildFile; fileRef = 1A010EB52CD8AF9800FBE3B3 /* GetBookStore.swift */; };
		1A010EBE2CD8DA2400FBE3B3 /* BookListView.swift in Sources */ = {isa = PBXBuildFile; fileRef = 1A010EBD2CD8DA2400FBE3B3 /* BookListView.swift */; };
		1A010EC02CD8DA3800FBE3B3 /* BookLowView.swift in Sources */ = {isa = PBXBuildFile; fileRef = 1A010EBF2CD8DA3800FBE3B3 /* BookLowView.swift */; };
		1A010EC22CD8DA4300FBE3B3 /* TotalPageView.swift in Sources */ = {isa = PBXBuildFile; fileRef = 1A010EC12CD8DA4300FBE3B3 /* TotalPageView.swift */; };
		1A54142B2CD9FEF400283FBD /* BookSearchView.swift in Sources */ = {isa = PBXBuildFile; fileRef = 1A54142A2CD9FEF400283FBD /* BookSearchView.swift */; };
		1A54142D2CDA006800283FBD /* Config.xcconfig in Resources */ = {isa = PBXBuildFile; fileRef = 1A54142C2CDA006800283FBD /* Config.xcconfig */; };
		26890B952CAE811A008DFF49 /* FiveGuyesApp.swift in Sources */ = {isa = PBXBuildFile; fileRef = 26890B942CAE811A008DFF49 /* FiveGuyesApp.swift */; };
		26890B972CAE811A008DFF49 /* ContentView.swift in Sources */ = {isa = PBXBuildFile; fileRef = 26890B962CAE811A008DFF49 /* ContentView.swift */; };
		26890B992CAE811D008DFF49 /* Assets.xcassets in Resources */ = {isa = PBXBuildFile; fileRef = 26890B982CAE811D008DFF49 /* Assets.xcassets */; };
		26890B9C2CAE811D008DFF49 /* Preview Assets.xcassets in Resources */ = {isa = PBXBuildFile; fileRef = 26890B9B2CAE811D008DFF49 /* Preview Assets.xcassets */; };
		26890BBD2CAE98E2008DFF49 /* .swiftlint.yml in Resources */ = {isa = PBXBuildFile; fileRef = 26890BBC2CAE98E2008DFF49 /* .swiftlint.yml */; };
/* End PBXBuildFile section */

/* Begin PBXFileReference section */
		1A010EAB2CD8A7E500FBE3B3 /* APIBooksModel.swift */ = {isa = PBXFileReference; lastKnownFileType = sourcecode.swift; path = APIBooksModel.swift; sourceTree = "<group>"; };
		1A010EAD2CD8A86E00FBE3B3 /* APIStore.swift */ = {isa = PBXFileReference; lastKnownFileType = sourcecode.swift; path = APIStore.swift; sourceTree = "<group>"; };
		1A010EB22CD8AA6D00FBE3B3 /* Info.plist */ = {isa = PBXFileReference; lastKnownFileType = text.plist; path = Info.plist; sourceTree = "<group>"; };
		1A010EB52CD8AF9800FBE3B3 /* GetBookStore.swift */ = {isa = PBXFileReference; lastKnownFileType = sourcecode.swift; path = GetBookStore.swift; sourceTree = "<group>"; };
		1A010EBD2CD8DA2400FBE3B3 /* BookListView.swift */ = {isa = PBXFileReference; lastKnownFileType = sourcecode.swift; path = BookListView.swift; sourceTree = "<group>"; };
		1A010EBF2CD8DA3800FBE3B3 /* BookLowView.swift */ = {isa = PBXFileReference; lastKnownFileType = sourcecode.swift; path = BookLowView.swift; sourceTree = "<group>"; };
		1A010EC12CD8DA4300FBE3B3 /* TotalPageView.swift */ = {isa = PBXFileReference; lastKnownFileType = sourcecode.swift; path = TotalPageView.swift; sourceTree = "<group>"; };
		1A54142A2CD9FEF400283FBD /* BookSearchView.swift */ = {isa = PBXFileReference; lastKnownFileType = sourcecode.swift; path = BookSearchView.swift; sourceTree = "<group>"; };
		1A54142C2CDA006800283FBD /* Config.xcconfig */ = {isa = PBXFileReference; lastKnownFileType = text.xcconfig; path = Config.xcconfig; sourceTree = "<group>"; };
		26890B912CAE811A008DFF49 /* FiveGuyes.app */ = {isa = PBXFileReference; explicitFileType = wrapper.application; includeInIndex = 0; path = FiveGuyes.app; sourceTree = BUILT_PRODUCTS_DIR; };
		26890B942CAE811A008DFF49 /* FiveGuyesApp.swift */ = {isa = PBXFileReference; lastKnownFileType = sourcecode.swift; path = FiveGuyesApp.swift; sourceTree = "<group>"; };
		26890B962CAE811A008DFF49 /* ContentView.swift */ = {isa = PBXFileReference; lastKnownFileType = sourcecode.swift; path = ContentView.swift; sourceTree = "<group>"; };
		26890B982CAE811D008DFF49 /* Assets.xcassets */ = {isa = PBXFileReference; lastKnownFileType = folder.assetcatalog; path = Assets.xcassets; sourceTree = "<group>"; };
		26890B9B2CAE811D008DFF49 /* Preview Assets.xcassets */ = {isa = PBXFileReference; lastKnownFileType = folder.assetcatalog; path = "Preview Assets.xcassets"; sourceTree = "<group>"; };
		26890BBC2CAE98E2008DFF49 /* .swiftlint.yml */ = {isa = PBXFileReference; lastKnownFileType = text.yaml; path = .swiftlint.yml; sourceTree = "<group>"; };
/* End PBXFileReference section */

/* Begin PBXFrameworksBuildPhase section */
		26890B8E2CAE811A008DFF49 /* Frameworks */ = {
			isa = PBXFrameworksBuildPhase;
			buildActionMask = 2147483647;
			files = (
			);
			runOnlyForDeploymentPostprocessing = 0;
		};
/* End PBXFrameworksBuildPhase section */

/* Begin PBXGroup section */
		26890B882CAE811A008DFF49 = {
			isa = PBXGroup;
			children = (
				1A54142C2CDA006800283FBD /* Config.xcconfig */,
				26890B932CAE811A008DFF49 /* FiveGuyes */,
				26890B922CAE811A008DFF49 /* Products */,
			);
			sourceTree = "<group>";
		};
		26890B922CAE811A008DFF49 /* Products */ = {
			isa = PBXGroup;
			children = (
				26890B912CAE811A008DFF49 /* FiveGuyes.app */,
			);
			name = Products;
			sourceTree = "<group>";
		};
		26890B932CAE811A008DFF49 /* FiveGuyes */ = {
			isa = PBXGroup;
			children = (
				1A010EB22CD8AA6D00FBE3B3 /* Info.plist */,
				26890B942CAE811A008DFF49 /* FiveGuyesApp.swift */,
				26890BBC2CAE98E2008DFF49 /* .swiftlint.yml */,
				26890BAD2CAE903E008DFF49 /* Resources */,
				26890BAE2CAE904A008DFF49 /* Sources */,
				26890B9A2CAE811D008DFF49 /* Preview Content */,
			);
			path = FiveGuyes;
			sourceTree = "<group>";
		};
		26890B9A2CAE811D008DFF49 /* Preview Content */ = {
			isa = PBXGroup;
			children = (
				26890B9B2CAE811D008DFF49 /* Preview Assets.xcassets */,
			);
			path = "Preview Content";
			sourceTree = "<group>";
		};
		26890BAD2CAE903E008DFF49 /* Resources */ = {
			isa = PBXGroup;
			children = (
				26890B982CAE811D008DFF49 /* Assets.xcassets */,
				26D853002CCE44600016239A /* Extensions */,
			);
			path = Resources;
			sourceTree = "<group>";
		};
		26890BAE2CAE904A008DFF49 /* Sources */ = {
			isa = PBXGroup;
			children = (
				26D853032CCE44730016239A /* Models */,
				26D853022CCE44720016239A /* Stores */,
				26890BB12CAE90E4008DFF49 /* Views */,
				26D853012CCE446F0016239A /* Protocols */,
			);
			path = Sources;
			sourceTree = "<group>";
		};
		26890BB12CAE90E4008DFF49 /* Views */ = {
			isa = PBXGroup;
			children = (
				26890B962CAE811A008DFF49 /* ContentView.swift */,
				26D852FB2CCE40BC0016239A /* Screen */,
				26D852F92CCE40930016239A /* Navigation */,
				26D853052CCE44970016239A /* Components */,
				26D853042CCE44950016239A /* Shared */,
			);
			path = Views;
			sourceTree = "<group>";
		};
		26D852F92CCE40930016239A /* Navigation */ = {
			isa = PBXGroup;
			children = (
			);
			path = Navigation;
			sourceTree = "<group>";
		};
		26D852FB2CCE40BC0016239A /* Screen */ = {
			isa = PBXGroup;
			children = (
				1A010EBD2CD8DA2400FBE3B3 /* BookListView.swift */,
				1A010EBF2CD8DA3800FBE3B3 /* BookLowView.swift */,
				1A010EC12CD8DA4300FBE3B3 /* TotalPageView.swift */,
				1A54142A2CD9FEF400283FBD /* BookSearchView.swift */,
			);
			path = Screen;
			sourceTree = "<group>";
		};
		26D853002CCE44600016239A /* Extensions */ = {
			isa = PBXGroup;
			children = (
			);
			path = Extensions;
			sourceTree = "<group>";
		};
		26D853012CCE446F0016239A /* Protocols */ = {
			isa = PBXGroup;
			children = (
			);
			path = Protocols;
			sourceTree = "<group>";
		};
		26D853022CCE44720016239A /* Stores */ = {
			isa = PBXGroup;
			children = (
				1A010EAD2CD8A86E00FBE3B3 /* APIStore.swift */,
				1A010EB52CD8AF9800FBE3B3 /* GetBookStore.swift */,
			);
			path = Stores;
			sourceTree = "<group>";
		};
		26D853032CCE44730016239A /* Models */ = {
			isa = PBXGroup;
			children = (
				1A010EAB2CD8A7E500FBE3B3 /* APIBooksModel.swift */,
			);
			path = Models;
			sourceTree = "<group>";
		};
		26D853042CCE44950016239A /* Shared */ = {
			isa = PBXGroup;
			children = (
			);
			path = Shared;
			sourceTree = "<group>";
		};
		26D853052CCE44970016239A /* Components */ = {
			isa = PBXGroup;
			children = (
			);
			path = Components;
			sourceTree = "<group>";
		};
/* End PBXGroup section */

/* Begin PBXNativeTarget section */
		26890B902CAE811A008DFF49 /* FiveGuyes */ = {
			isa = PBXNativeTarget;
			buildConfigurationList = 26890B9F2CAE811D008DFF49 /* Build configuration list for PBXNativeTarget "FiveGuyes" */;
			buildPhases = (
				26890B8D2CAE811A008DFF49 /* Sources */,
				26890B8E2CAE811A008DFF49 /* Frameworks */,
				26890B8F2CAE811A008DFF49 /* Resources */,
			);
			buildRules = (
			);
			dependencies = (
				26890BBB2CAE9896008DFF49 /* PBXTargetDependency */,
			);
			name = FiveGuyes;
			productName = FiveGuyes;
			productReference = 26890B912CAE811A008DFF49 /* FiveGuyes.app */;
			productType = "com.apple.product-type.application";
		};
/* End PBXNativeTarget section */

/* Begin PBXProject section */
		26890B892CAE811A008DFF49 /* Project object */ = {
			isa = PBXProject;
			attributes = {
				BuildIndependentTargetsInParallel = 1;
				LastSwiftUpdateCheck = 1520;
				LastUpgradeCheck = 1520;
				TargetAttributes = {
					26890B902CAE811A008DFF49 = {
						CreatedOnToolsVersion = 15.2;
					};
				};
			};
			buildConfigurationList = 26890B8C2CAE811A008DFF49 /* Build configuration list for PBXProject "FiveGuyes" */;
			compatibilityVersion = "Xcode 14.0";
			developmentRegion = en;
			hasScannedForEncodings = 0;
			knownRegions = (
				en,
				Base,
			);
			mainGroup = 26890B882CAE811A008DFF49;
			packageReferences = (
				26890BB92CAE9843008DFF49 /* XCRemoteSwiftPackageReference "SwiftLintPlugins" */,
			);
			productRefGroup = 26890B922CAE811A008DFF49 /* Products */;
			projectDirPath = "";
			projectRoot = "";
			targets = (
				26890B902CAE811A008DFF49 /* FiveGuyes */,
			);
		};
/* End PBXProject section */

/* Begin PBXResourcesBuildPhase section */
		26890B8F2CAE811A008DFF49 /* Resources */ = {
			isa = PBXResourcesBuildPhase;
			buildActionMask = 2147483647;
			files = (
				1A54142D2CDA006800283FBD /* Config.xcconfig in Resources */,
				26890BBD2CAE98E2008DFF49 /* .swiftlint.yml in Resources */,
				26890B9C2CAE811D008DFF49 /* Preview Assets.xcassets in Resources */,
				26890B992CAE811D008DFF49 /* Assets.xcassets in Resources */,
			);
			runOnlyForDeploymentPostprocessing = 0;
		};
/* End PBXResourcesBuildPhase section */

/* Begin PBXSourcesBuildPhase section */
		26890B8D2CAE811A008DFF49 /* Sources */ = {
			isa = PBXSourcesBuildPhase;
			buildActionMask = 2147483647;
			files = (
				1A54142B2CD9FEF400283FBD /* BookSearchView.swift in Sources */,
				1A010EAE2CD8A86E00FBE3B3 /* APIStore.swift in Sources */,
				1A010EBE2CD8DA2400FBE3B3 /* BookListView.swift in Sources */,
				1A010EC22CD8DA4300FBE3B3 /* TotalPageView.swift in Sources */,
				1A010EC02CD8DA3800FBE3B3 /* BookLowView.swift in Sources */,
				1A010EAC2CD8A7E500FBE3B3 /* APIBooksModel.swift in Sources */,
				26890B972CAE811A008DFF49 /* ContentView.swift in Sources */,
				1A010EB62CD8AF9800FBE3B3 /* GetBookStore.swift in Sources */,
				26890B952CAE811A008DFF49 /* FiveGuyesApp.swift in Sources */,
			);
			runOnlyForDeploymentPostprocessing = 0;
		};
/* End PBXSourcesBuildPhase section */

/* Begin PBXTargetDependency section */
		26890BBB2CAE9896008DFF49 /* PBXTargetDependency */ = {
			isa = PBXTargetDependency;
			productRef = 26890BBA2CAE9896008DFF49 /* SwiftLintBuildToolPlugin */;
		};
/* End PBXTargetDependency section */

/* Begin XCBuildConfiguration section */
		26890B9D2CAE811D008DFF49 /* Debug */ = {
			isa = XCBuildConfiguration;
			baseConfigurationReference = 1A54142C2CDA006800283FBD /* Config.xcconfig */;
			buildSettings = {
				ALWAYS_SEARCH_USER_PATHS = NO;
				ASSETCATALOG_COMPILER_GENERATE_SWIFT_ASSET_SYMBOL_EXTENSIONS = YES;
				CLANG_ANALYZER_NONNULL = YES;
				CLANG_ANALYZER_NUMBER_OBJECT_CONVERSION = YES_AGGRESSIVE;
				CLANG_CXX_LANGUAGE_STANDARD = "gnu++20";
				CLANG_ENABLE_MODULES = YES;
				CLANG_ENABLE_OBJC_ARC = YES;
				CLANG_ENABLE_OBJC_WEAK = YES;
				CLANG_WARN_BLOCK_CAPTURE_AUTORELEASING = YES;
				CLANG_WARN_BOOL_CONVERSION = YES;
				CLANG_WARN_COMMA = YES;
				CLANG_WARN_CONSTANT_CONVERSION = YES;
				CLANG_WARN_DEPRECATED_OBJC_IMPLEMENTATIONS = YES;
				CLANG_WARN_DIRECT_OBJC_ISA_USAGE = YES_ERROR;
				CLANG_WARN_DOCUMENTATION_COMMENTS = YES;
				CLANG_WARN_EMPTY_BODY = YES;
				CLANG_WARN_ENUM_CONVERSION = YES;
				CLANG_WARN_INFINITE_RECURSION = YES;
				CLANG_WARN_INT_CONVERSION = YES;
				CLANG_WARN_NON_LITERAL_NULL_CONVERSION = YES;
				CLANG_WARN_OBJC_IMPLICIT_RETAIN_SELF = YES;
				CLANG_WARN_OBJC_LITERAL_CONVERSION = YES;
				CLANG_WARN_OBJC_ROOT_CLASS = YES_ERROR;
				CLANG_WARN_QUOTED_INCLUDE_IN_FRAMEWORK_HEADER = YES;
				CLANG_WARN_RANGE_LOOP_ANALYSIS = YES;
				CLANG_WARN_STRICT_PROTOTYPES = YES;
				CLANG_WARN_SUSPICIOUS_MOVE = YES;
				CLANG_WARN_UNGUARDED_AVAILABILITY = YES_AGGRESSIVE;
				CLANG_WARN_UNREACHABLE_CODE = YES;
				CLANG_WARN__DUPLICATE_METHOD_MATCH = YES;
				COPY_PHASE_STRIP = NO;
				DEBUG_INFORMATION_FORMAT = dwarf;
				ENABLE_STRICT_OBJC_MSGSEND = YES;
				ENABLE_TESTABILITY = YES;
				ENABLE_USER_SCRIPT_SANDBOXING = YES;
				GCC_C_LANGUAGE_STANDARD = gnu17;
				GCC_DYNAMIC_NO_PIC = NO;
				GCC_NO_COMMON_BLOCKS = YES;
				GCC_OPTIMIZATION_LEVEL = 0;
				GCC_PREPROCESSOR_DEFINITIONS = (
					"DEBUG=1",
					"$(inherited)",
				);
				GCC_WARN_64_TO_32_BIT_CONVERSION = YES;
				GCC_WARN_ABOUT_RETURN_TYPE = YES_ERROR;
				GCC_WARN_UNDECLARED_SELECTOR = YES;
				GCC_WARN_UNINITIALIZED_AUTOS = YES_AGGRESSIVE;
				GCC_WARN_UNUSED_FUNCTION = YES;
				GCC_WARN_UNUSED_VARIABLE = YES;
				IPHONEOS_DEPLOYMENT_TARGET = 17.0;
				LOCALIZATION_PREFERS_STRING_CATALOGS = YES;
				MTL_ENABLE_DEBUG_INFO = INCLUDE_SOURCE;
				MTL_FAST_MATH = YES;
				ONLY_ACTIVE_ARCH = YES;
				SDKROOT = iphoneos;
				SWIFT_ACTIVE_COMPILATION_CONDITIONS = "DEBUG $(inherited)";
				SWIFT_OPTIMIZATION_LEVEL = "-Onone";
			};
			name = Debug;
		};
		26890B9E2CAE811D008DFF49 /* Release */ = {
			isa = XCBuildConfiguration;
			baseConfigurationReference = 1A54142C2CDA006800283FBD /* Config.xcconfig */;
			buildSettings = {
				ALWAYS_SEARCH_USER_PATHS = NO;
				ASSETCATALOG_COMPILER_GENERATE_SWIFT_ASSET_SYMBOL_EXTENSIONS = YES;
				CLANG_ANALYZER_NONNULL = YES;
				CLANG_ANALYZER_NUMBER_OBJECT_CONVERSION = YES_AGGRESSIVE;
				CLANG_CXX_LANGUAGE_STANDARD = "gnu++20";
				CLANG_ENABLE_MODULES = YES;
				CLANG_ENABLE_OBJC_ARC = YES;
				CLANG_ENABLE_OBJC_WEAK = YES;
				CLANG_WARN_BLOCK_CAPTURE_AUTORELEASING = YES;
				CLANG_WARN_BOOL_CONVERSION = YES;
				CLANG_WARN_COMMA = YES;
				CLANG_WARN_CONSTANT_CONVERSION = YES;
				CLANG_WARN_DEPRECATED_OBJC_IMPLEMENTATIONS = YES;
				CLANG_WARN_DIRECT_OBJC_ISA_USAGE = YES_ERROR;
				CLANG_WARN_DOCUMENTATION_COMMENTS = YES;
				CLANG_WARN_EMPTY_BODY = YES;
				CLANG_WARN_ENUM_CONVERSION = YES;
				CLANG_WARN_INFINITE_RECURSION = YES;
				CLANG_WARN_INT_CONVERSION = YES;
				CLANG_WARN_NON_LITERAL_NULL_CONVERSION = YES;
				CLANG_WARN_OBJC_IMPLICIT_RETAIN_SELF = YES;
				CLANG_WARN_OBJC_LITERAL_CONVERSION = YES;
				CLANG_WARN_OBJC_ROOT_CLASS = YES_ERROR;
				CLANG_WARN_QUOTED_INCLUDE_IN_FRAMEWORK_HEADER = YES;
				CLANG_WARN_RANGE_LOOP_ANALYSIS = YES;
				CLANG_WARN_STRICT_PROTOTYPES = YES;
				CLANG_WARN_SUSPICIOUS_MOVE = YES;
				CLANG_WARN_UNGUARDED_AVAILABILITY = YES_AGGRESSIVE;
				CLANG_WARN_UNREACHABLE_CODE = YES;
				CLANG_WARN__DUPLICATE_METHOD_MATCH = YES;
				COPY_PHASE_STRIP = NO;
				DEBUG_INFORMATION_FORMAT = "dwarf-with-dsym";
				ENABLE_NS_ASSERTIONS = NO;
				ENABLE_STRICT_OBJC_MSGSEND = YES;
				ENABLE_USER_SCRIPT_SANDBOXING = YES;
				GCC_C_LANGUAGE_STANDARD = gnu17;
				GCC_NO_COMMON_BLOCKS = YES;
				GCC_WARN_64_TO_32_BIT_CONVERSION = YES;
				GCC_WARN_ABOUT_RETURN_TYPE = YES_ERROR;
				GCC_WARN_UNDECLARED_SELECTOR = YES;
				GCC_WARN_UNINITIALIZED_AUTOS = YES_AGGRESSIVE;
				GCC_WARN_UNUSED_FUNCTION = YES;
				GCC_WARN_UNUSED_VARIABLE = YES;
				IPHONEOS_DEPLOYMENT_TARGET = 17.0;
				LOCALIZATION_PREFERS_STRING_CATALOGS = YES;
				MTL_ENABLE_DEBUG_INFO = NO;
				MTL_FAST_MATH = YES;
				ONLY_ACTIVE_ARCH = NO;
				SDKROOT = iphoneos;
				SWIFT_COMPILATION_MODE = wholemodule;
				VALIDATE_PRODUCT = YES;
			};
			name = Release;
		};
		26890BA02CAE811D008DFF49 /* Debug */ = {
			isa = XCBuildConfiguration;
			buildSettings = {
				ASSETCATALOG_COMPILER_APPICON_NAME = AppIcon;
				ASSETCATALOG_COMPILER_GLOBAL_ACCENT_COLOR_NAME = AccentColor;
				CODE_SIGN_STYLE = Automatic;
				CURRENT_PROJECT_VERSION = 1;
				DEVELOPMENT_ASSET_PATHS = "\"FiveGuyes/Preview Content\"";
				DEVELOPMENT_TEAM = "";
				ENABLE_PREVIEWS = YES;
				GENERATE_INFOPLIST_FILE = YES;
				INFOPLIST_FILE = FiveGuyes/Info.plist;
				INFOPLIST_KEY_UIApplicationSceneManifest_Generation = YES;
				INFOPLIST_KEY_UIApplicationSupportsIndirectInputEvents = YES;
				INFOPLIST_KEY_UILaunchScreen_Generation = YES;
				INFOPLIST_KEY_UISupportedInterfaceOrientations = UIInterfaceOrientationPortrait;
				INFOPLIST_KEY_UISupportedInterfaceOrientations_iPad = "UIInterfaceOrientationLandscapeLeft UIInterfaceOrientationLandscapeRight UIInterfaceOrientationPortrait UIInterfaceOrientationPortraitUpsideDown";
				IPHONEOS_DEPLOYMENT_TARGET = 17.0;
				LD_RUNPATH_SEARCH_PATHS = (
					"$(inherited)",
					"@executable_path/Frameworks",
				);
				MARKETING_VERSION = 1.0.0;
				PRODUCT_BUNDLE_IDENTIFIER = com.FiveGuyes.FiveGuyes;
				PRODUCT_NAME = "$(TARGET_NAME)";
				SUPPORTED_PLATFORMS = "iphoneos iphonesimulator";
				SUPPORTS_MACCATALYST = NO;
				SUPPORTS_MAC_DESIGNED_FOR_IPHONE_IPAD = NO;
				SUPPORTS_XR_DESIGNED_FOR_IPHONE_IPAD = NO;
				SWIFT_EMIT_LOC_STRINGS = YES;
				SWIFT_VERSION = 5.0;
				TARGETED_DEVICE_FAMILY = 1;
			};
			name = Debug;
		};
		26890BA12CAE811D008DFF49 /* Release */ = {
			isa = XCBuildConfiguration;
			buildSettings = {
				ASSETCATALOG_COMPILER_APPICON_NAME = AppIcon;
				ASSETCATALOG_COMPILER_GLOBAL_ACCENT_COLOR_NAME = AccentColor;
				CODE_SIGN_STYLE = Automatic;
				CURRENT_PROJECT_VERSION = 1;
				DEVELOPMENT_ASSET_PATHS = "\"FiveGuyes/Preview Content\"";
				DEVELOPMENT_TEAM = "";
				ENABLE_PREVIEWS = YES;
				GENERATE_INFOPLIST_FILE = YES;
				INFOPLIST_FILE = FiveGuyes/Info.plist;
				INFOPLIST_KEY_UIApplicationSceneManifest_Generation = YES;
				INFOPLIST_KEY_UIApplicationSupportsIndirectInputEvents = YES;
				INFOPLIST_KEY_UILaunchScreen_Generation = YES;
				INFOPLIST_KEY_UISupportedInterfaceOrientations = UIInterfaceOrientationPortrait;
				INFOPLIST_KEY_UISupportedInterfaceOrientations_iPad = "UIInterfaceOrientationLandscapeLeft UIInterfaceOrientationLandscapeRight UIInterfaceOrientationPortrait UIInterfaceOrientationPortraitUpsideDown";
				IPHONEOS_DEPLOYMENT_TARGET = 17.0;
				LD_RUNPATH_SEARCH_PATHS = (
					"$(inherited)",
					"@executable_path/Frameworks",
				);
				MARKETING_VERSION = 1.0.0;
				PRODUCT_BUNDLE_IDENTIFIER = com.FiveGuyes.FiveGuyes;
				PRODUCT_NAME = "$(TARGET_NAME)";
				SUPPORTED_PLATFORMS = "iphoneos iphonesimulator";
				SUPPORTS_MACCATALYST = NO;
				SUPPORTS_MAC_DESIGNED_FOR_IPHONE_IPAD = NO;
				SUPPORTS_XR_DESIGNED_FOR_IPHONE_IPAD = NO;
				SWIFT_EMIT_LOC_STRINGS = YES;
				SWIFT_VERSION = 5.0;
				TARGETED_DEVICE_FAMILY = 1;
			};
			name = Release;
		};
/* End XCBuildConfiguration section */

/* Begin XCConfigurationList section */
		26890B8C2CAE811A008DFF49 /* Build configuration list for PBXProject "FiveGuyes" */ = {
			isa = XCConfigurationList;
			buildConfigurations = (
				26890B9D2CAE811D008DFF49 /* Debug */,
				26890B9E2CAE811D008DFF49 /* Release */,
			);
			defaultConfigurationIsVisible = 0;
			defaultConfigurationName = Release;
		};
		26890B9F2CAE811D008DFF49 /* Build configuration list for PBXNativeTarget "FiveGuyes" */ = {
			isa = XCConfigurationList;
			buildConfigurations = (
				26890BA02CAE811D008DFF49 /* Debug */,
				26890BA12CAE811D008DFF49 /* Release */,
			);
			defaultConfigurationIsVisible = 0;
			defaultConfigurationName = Release;
		};
/* End XCConfigurationList section */

/* Begin XCRemoteSwiftPackageReference section */
		26890BB92CAE9843008DFF49 /* XCRemoteSwiftPackageReference "SwiftLintPlugins" */ = {
			isa = XCRemoteSwiftPackageReference;
			repositoryURL = "https://github.com/SimplyDanny/SwiftLintPlugins";
			requirement = {
				kind = upToNextMajorVersion;
				minimumVersion = 0.57.0;
			};
		};
/* End XCRemoteSwiftPackageReference section */

/* Begin XCSwiftPackageProductDependency section */
		26890BBA2CAE9896008DFF49 /* SwiftLintBuildToolPlugin */ = {
			isa = XCSwiftPackageProductDependency;
			package = 26890BB92CAE9843008DFF49 /* XCRemoteSwiftPackageReference "SwiftLintPlugins" */;
			productName = "plugin:SwiftLintBuildToolPlugin";
		};
/* End XCSwiftPackageProductDependency section */
	};
	rootObject = 26890B892CAE811A008DFF49 /* Project object */;
}
